// !$*UTF8*$!
{
	archiveVersion = 1;
	classes = {
	};
	objectVersion = 45;
	objects = {

/* Begin PBXBuildFile section */
		1D3623260D0F684500981E51 /* MaturaAppAppDelegate.m in Sources */ = {isa = PBXBuildFile; fileRef = 1D3623250D0F684500981E51 /* MaturaAppAppDelegate.m */; };
		1D60589B0D05DD56006BFB54 /* main.m in Sources */ = {isa = PBXBuildFile; fileRef = 29B97316FDCFA39411CA2CEA /* main.m */; };
		1D60589F0D05DD5A006BFB54 /* Foundation.framework in Frameworks */ = {isa = PBXBuildFile; fileRef = 1D30AB110D05D00D00671497 /* Foundation.framework */; };
		1DF5F4E00D08C38300B7A737 /* UIKit.framework in Frameworks */ = {isa = PBXBuildFile; fileRef = 1DF5F4DF0D08C38300B7A737 /* UIKit.framework */; };
		28FD15000DC6FC520079059D /* OpenGLES.framework in Frameworks */ = {isa = PBXBuildFile; fileRef = 28FD14FF0DC6FC520079059D /* OpenGLES.framework */; };
		28FD15080DC6FC5B0079059D /* QuartzCore.framework in Frameworks */ = {isa = PBXBuildFile; fileRef = 28FD15070DC6FC5B0079059D /* QuartzCore.framework */; };
		AA0ECD901291C30200616FAA /* Hero in Resources */ = {isa = PBXBuildFile; fileRef = AA0ECD8E1291C30200616FAA /* Hero */; };
		AA0ECDFA1291C3E900616FAA /* Enemy in Resources */ = {isa = PBXBuildFile; fileRef = AA0ECD951291C3E900616FAA /* Enemy */; };
		AA1BAD601236BC8A00F37390 /* GameData.m in Sources */ = {isa = PBXBuildFile; fileRef = AA1BAD5F1236BC8A00F37390 /* GameData.m */; };
		AA31319E1233DABE0098711E /* HelloWorldScene.m in Sources */ = {isa = PBXBuildFile; fileRef = AA31319D1233DABE0098711E /* HelloWorldScene.m */; };
		AA3131A01233DB440098711E /* AudioToolbox.framework in Frameworks */ = {isa = PBXBuildFile; fileRef = AA31319F1233DB440098711E /* AudioToolbox.framework */; };
		AA3131A21233DB440098711E /* AVFoundation.framework in Frameworks */ = {isa = PBXBuildFile; fileRef = AA3131A11233DB440098711E /* AVFoundation.framework */; };
		AA3131A41233DB440098711E /* CoreGraphics.framework in Frameworks */ = {isa = PBXBuildFile; fileRef = AA3131A31233DB440098711E /* CoreGraphics.framework */; };
		AA3131A61233DB440098711E /* OpenAL.framework in Frameworks */ = {isa = PBXBuildFile; fileRef = AA3131A51233DB440098711E /* OpenAL.framework */; };
		AA3131A81233DB440098711E /* libz.dylib in Frameworks */ = {isa = PBXBuildFile; fileRef = AA3131A71233DB440098711E /* libz.dylib */; };
		AA31323A1233DD610098711E /* cpCCNode.m in Sources */ = {isa = PBXBuildFile; fileRef = AA3132241233DD610098711E /* cpCCNode.m */; };
		AA31323B1233DD610098711E /* cpCCNodeImpl.m in Sources */ = {isa = PBXBuildFile; fileRef = AA3132261233DD610098711E /* cpCCNodeImpl.m */; };
		AA31323C1233DD610098711E /* cpCCSprite.m in Sources */ = {isa = PBXBuildFile; fileRef = AA3132281233DD610098711E /* cpCCSprite.m */; };
		AA31323D1233DD610098711E /* cpConstraintNode.m in Sources */ = {isa = PBXBuildFile; fileRef = AA31322A1233DD610098711E /* cpConstraintNode.m */; };
		AA31323E1233DD610098711E /* cpShapeNode.m in Sources */ = {isa = PBXBuildFile; fileRef = AA31322C1233DD610098711E /* cpShapeNode.m */; };
		AA31323F1233DD610098711E /* cpSpaceSerializer.cpp in Sources */ = {isa = PBXBuildFile; fileRef = AA31322E1233DD610098711E /* cpSpaceSerializer.cpp */; };
		AA3132401233DD610098711E /* tinystr.cpp in Sources */ = {isa = PBXBuildFile; fileRef = AA3132321233DD610098711E /* tinystr.cpp */; };
		AA3132411233DD610098711E /* tinyxml.cpp in Sources */ = {isa = PBXBuildFile; fileRef = AA3132341233DD610098711E /* tinyxml.cpp */; };
		AA3132421233DD610098711E /* tinyxmlerror.cpp in Sources */ = {isa = PBXBuildFile; fileRef = AA3132361233DD610098711E /* tinyxmlerror.cpp */; };
		AA3132431233DD610098711E /* tinyxmlparser.cpp in Sources */ = {isa = PBXBuildFile; fileRef = AA3132371233DD610098711E /* tinyxmlparser.cpp */; };
		AA3132441233DD610098711E /* SpaceManager.mm in Sources */ = {isa = PBXBuildFile; fileRef = AA3132391233DD610098711E /* SpaceManager.mm */; };
		AA3132511233DD760098711E /* Sphere.m in Sources */ = {isa = PBXBuildFile; fileRef = AA31324E1233DD760098711E /* Sphere.m */; };
		AA3132521233DD760098711E /* EnemySphere.m in Sources */ = {isa = PBXBuildFile; fileRef = AA3132501233DD760098711E /* EnemySphere.m */; };
		AA3132701233DEA10098711E /* GameScene.m in Sources */ = {isa = PBXBuildFile; fileRef = AA31326F1233DEA10098711E /* GameScene.m */; };
		AA31345C1233E8110098711E /* blank.png in Resources */ = {isa = PBXBuildFile; fileRef = AA3134511233E8110098711E /* blank.png */; };
		AA31346E1233E8850098711E /* fps_images.png in Resources */ = {isa = PBXBuildFile; fileRef = AA31346A1233E8850098711E /* fps_images.png */; };
		AA31346F1233E8850098711E /* Icon.png in Resources */ = {isa = PBXBuildFile; fileRef = AA31346B1233E8850098711E /* Icon.png */; };
		AA7178A31262FF9F00B125E6 /* Icon@2x.png in Resources */ = {isa = PBXBuildFile; fileRef = AA7178A21262FF9F00B125E6 /* Icon@2x.png */; };
		AA7179541265D21000B125E6 /* GameOver.m in Sources */ = {isa = PBXBuildFile; fileRef = AA7179531265D21000B125E6 /* GameOver.m */; };
		AA718036126DEBD900B125E6 /* bebas-hd.fnt in Resources */ = {isa = PBXBuildFile; fileRef = AA718032126DEBD900B125E6 /* bebas-hd.fnt */; };
		AA718037126DEBD900B125E6 /* bebas-hd.png in Resources */ = {isa = PBXBuildFile; fileRef = AA718033126DEBD900B125E6 /* bebas-hd.png */; };
		AA718038126DEBD900B125E6 /* bebas.fnt in Resources */ = {isa = PBXBuildFile; fileRef = AA718034126DEBD900B125E6 /* bebas.fnt */; };
		AA718039126DEBD900B125E6 /* bebas.png in Resources */ = {isa = PBXBuildFile; fileRef = AA718035126DEBD900B125E6 /* bebas.png */; };
		AA71803D126DEBFA00B125E6 /* BG in Resources */ = {isa = PBXBuildFile; fileRef = AA71803A126DEBF900B125E6 /* BG */; };
		AA71803E126DEBFA00B125E6 /* Buttons in Resources */ = {isa = PBXBuildFile; fileRef = AA71803B126DEBF900B125E6 /* Buttons */; };
		AA71803F126DEBFA00B125E6 /* Titles in Resources */ = {isa = PBXBuildFile; fileRef = AA71803C126DEBFA00B125E6 /* Titles */; };
		AA7180AA126DED1700B125E6 /* Shrink in Resources */ = {isa = PBXBuildFile; fileRef = AA718042126DED1700B125E6 /* Shrink */; };
		AA718210126F84E100B125E6 /* Default.png in Resources */ = {isa = PBXBuildFile; fileRef = AA71820E126F84E100B125E6 /* Default.png */; };
		AA718211126F84E100B125E6 /* Default@2x.png in Resources */ = {isa = PBXBuildFile; fileRef = AA71820F126F84E100B125E6 /* Default@2x.png */; };
		AA71828D12704BEB00B125E6 /* gamePaused-hd.png in Resources */ = {isa = PBXBuildFile; fileRef = AA71828B12704BEB00B125E6 /* gamePaused-hd.png */; };
		AA71828E12704BEB00B125E6 /* gamePaused.png in Resources */ = {isa = PBXBuildFile; fileRef = AA71828C12704BEB00B125E6 /* gamePaused.png */; };
		AA75B608123CD40E00585F54 /* libChipmunk.a in Frameworks */ = {isa = PBXBuildFile; fileRef = AA75B583123CD3C700585F54 /* libChipmunk.a */; };
		AA75B609123CD40E00585F54 /* libcocos2d.a in Frameworks */ = {isa = PBXBuildFile; fileRef = AA75B585123CD3C700585F54 /* libcocos2d.a */; };
		AA76B8921246A7AA006ED952 /* LevelParser.m in Sources */ = {isa = PBXBuildFile; fileRef = AA76B8911246A7AA006ED952 /* LevelParser.m */; };
		AA8CBDEF125A05BB008A851C /* WorldChoice.m in Sources */ = {isa = PBXBuildFile; fileRef = AA8CBDEE125A05BB008A851C /* WorldChoice.m */; };
		AA8CC0B6125A7064008A851C /* pausedScreen-hd.png in Resources */ = {isa = PBXBuildFile; fileRef = AA8CC0B4125A7064008A851C /* pausedScreen-hd.png */; };
		AA8CC0B7125A7064008A851C /* pausedScreen.png in Resources */ = {isa = PBXBuildFile; fileRef = AA8CC0B5125A7064008A851C /* pausedScreen.png */; };
		AA9DDDA4128F1A02009C891C /* world0level2.plist in Resources */ = {isa = PBXBuildFile; fileRef = AA9DDDA2128F1A02009C891C /* world0level2.plist */; };
		AA9DDDA5128F1A02009C891C /* world0level3.plist in Resources */ = {isa = PBXBuildFile; fileRef = AA9DDDA3128F1A02009C891C /* world0level3.plist */; };
		AAA33C691262456A00234F5B /* Scores.m in Sources */ = {isa = PBXBuildFile; fileRef = AAA33C681262456A00234F5B /* Scores.m */; };
		AAA33C6E126245EB00234F5B /* Settings.m in Sources */ = {isa = PBXBuildFile; fileRef = AAA33C6D126245EB00234F5B /* Settings.m */; };
		AAA33C731262466F00234F5B /* About.m in Sources */ = {isa = PBXBuildFile; fileRef = AAA33C721262466F00234F5B /* About.m */; };
		AAA33C78126246AD00234F5B /* Help.m in Sources */ = {isa = PBXBuildFile; fileRef = AAA33C77126246AD00234F5B /* Help.m */; };
		AAA49991128582DA001DC13F /* LevelChoice.m in Sources */ = {isa = PBXBuildFile; fileRef = AAA49990128582DA001DC13F /* LevelChoice.m */; };
		AAA49AB31286B335001DC13F /* diavlo-hd.fnt in Resources */ = {isa = PBXBuildFile; fileRef = AAA49AAF1286B335001DC13F /* diavlo-hd.fnt */; };
		AAA49AB41286B335001DC13F /* diavlo-hd.png in Resources */ = {isa = PBXBuildFile; fileRef = AAA49AB01286B335001DC13F /* diavlo-hd.png */; };
		AAA49AB51286B335001DC13F /* diavlo.fnt in Resources */ = {isa = PBXBuildFile; fileRef = AAA49AB11286B335001DC13F /* diavlo.fnt */; };
		AAA49AB61286B335001DC13F /* diavlo.png in Resources */ = {isa = PBXBuildFile; fileRef = AAA49AB21286B335001DC13F /* diavlo.png */; };
		AAB4B6741289641200471976 /* LargeSprites in Resources */ = {isa = PBXBuildFile; fileRef = AAB4B6731289641200471976 /* LargeSprites */; };
		AAB4B6761289641B00471976 /* LevelButtons in Resources */ = {isa = PBXBuildFile; fileRef = AAB4B6751289641B00471976 /* LevelButtons */; };
		AAB4B746128A812D00471976 /* UserData.m in Sources */ = {isa = PBXBuildFile; fileRef = AAB4B745128A812D00471976 /* UserData.m */; };
		AAC0EC98125E18CC00BD9C3D /* Countdown.m in Sources */ = {isa = PBXBuildFile; fileRef = AAC0EC97125E18CC00BD9C3D /* Countdown.m */; };
		AAD5885E128B440F00607376 /* world0level1.plist in Resources */ = {isa = PBXBuildFile; fileRef = AAD5885D128B440F00607376 /* world0level1.plist */; };
		AAD589CD128BFFE500607376 /* world0level4.plist in Resources */ = {isa = PBXBuildFile; fileRef = AAD589C5128BFFE500607376 /* world0level4.plist */; };
		AAD589CE128BFFE500607376 /* world0level5.plist in Resources */ = {isa = PBXBuildFile; fileRef = AAD589C6128BFFE500607376 /* world0level5.plist */; };
		AAD589CF128BFFE500607376 /* world0level6.plist in Resources */ = {isa = PBXBuildFile; fileRef = AAD589C7128BFFE500607376 /* world0level6.plist */; };
		AAD589D0128BFFE500607376 /* world0level7.plist in Resources */ = {isa = PBXBuildFile; fileRef = AAD589C8128BFFE500607376 /* world0level7.plist */; };
		AAD589D1128BFFE500607376 /* world0level8.plist in Resources */ = {isa = PBXBuildFile; fileRef = AAD589C9128BFFE500607376 /* world0level8.plist */; };
		AAD589D2128BFFE500607376 /* world0level9.plist in Resources */ = {isa = PBXBuildFile; fileRef = AAD589CA128BFFE500607376 /* world0level9.plist */; };
		AAD589D4128BFFED00607376 /* world1level1.plist in Resources */ = {isa = PBXBuildFile; fileRef = AAD589D3128BFFED00607376 /* world1level1.plist */; };
		AAE6D8B21274A35000690D9C /* scrollMask-hd.png in Resources */ = {isa = PBXBuildFile; fileRef = AAE6D8B01274A35000690D9C /* scrollMask-hd.png */; };
		AAE6D8B31274A35000690D9C /* scrollMask.png in Resources */ = {isa = PBXBuildFile; fileRef = AAE6D8B11274A35000690D9C /* scrollMask.png */; };
		AAF4ECA0127F4394001F5522 /* ScrollView.m in Sources */ = {isa = PBXBuildFile; fileRef = AAF4EC9F127F4394001F5522 /* ScrollView.m */; };
/* End PBXBuildFile section */

/* Begin PBXContainerItemProxy section */
		AA75B57E123CD3C700585F54 /* PBXContainerItemProxy */ = {
			isa = PBXContainerItemProxy;
			containerPortal = AA75B403123CD3AE00585F54 /* cocos2d-ios.xcodeproj */;
			proxyType = 2;
			remoteGlobalIDString = 509807081175041800EA7266;
			remoteInfo = "build all tests";
		};
		AA75B580123CD3C700585F54 /* PBXContainerItemProxy */ = {
			isa = PBXContainerItemProxy;
			containerPortal = AA75B403123CD3AE00585F54 /* cocos2d-ios.xcodeproj */;
			proxyType = 2;
			remoteGlobalIDString = 504225700FC0B39C00B992F7;
			remoteInfo = box2d;
		};
		AA75B582123CD3C700585F54 /* PBXContainerItemProxy */ = {
			isa = PBXContainerItemProxy;
			containerPortal = AA75B403123CD3AE00585F54 /* cocos2d-ios.xcodeproj */;
			proxyType = 2;
			remoteGlobalIDString = 50B2C4D10E100AEA00AE9530;
			remoteInfo = Chipmunk;
		};
		AA75B584123CD3C700585F54 /* PBXContainerItemProxy */ = {
			isa = PBXContainerItemProxy;
			containerPortal = AA75B403123CD3AE00585F54 /* cocos2d-ios.xcodeproj */;
			proxyType = 2;
			remoteGlobalIDString = 5018F24D0DFDEAC400C013A5;
			remoteInfo = cocos2d;
		};
		AA75B586123CD3C700585F54 /* PBXContainerItemProxy */ = {
			isa = PBXContainerItemProxy;
			containerPortal = AA75B403123CD3AE00585F54 /* cocos2d-ios.xcodeproj */;
			proxyType = 2;
			remoteGlobalIDString = 502C65EE0DFEF3DD00E4107D;
			remoteInfo = "cocos2d-documentation";
		};
		AA75B588123CD3C700585F54 /* PBXContainerItemProxy */ = {
			isa = PBXContainerItemProxy;
			containerPortal = AA75B403123CD3AE00585F54 /* cocos2d-ios.xcodeproj */;
			proxyType = 2;
			remoteGlobalIDString = 50CB2FCA1004C8B100B7A750;
			remoteInfo = CocosDenshion;
		};
		AA75B58A123CD3C700585F54 /* PBXContainerItemProxy */ = {
			isa = PBXContainerItemProxy;
			containerPortal = AA75B403123CD3AE00585F54 /* cocos2d-ios.xcodeproj */;
			proxyType = 2;
			remoteGlobalIDString = 509B3A0D0F31024E00F2FB95;
			remoteInfo = cocosLive;
		};
		AA75B58C123CD3C700585F54 /* PBXContainerItemProxy */ = {
			isa = PBXContainerItemProxy;
			containerPortal = AA75B403123CD3AE00585F54 /* cocos2d-ios.xcodeproj */;
			proxyType = 2;
			remoteGlobalIDString = 505461DF10616AE100AB7C52;
			remoteInfo = FontLabel;
		};
		AA75B58E123CD3C700585F54 /* PBXContainerItemProxy */ = {
			isa = PBXContainerItemProxy;
			containerPortal = AA75B403123CD3AE00585F54 /* cocos2d-ios.xcodeproj */;
			proxyType = 2;
			remoteGlobalIDString = 503164CD10277665003ACFE7;
			remoteInfo = libpng;
		};
		AA75B590123CD3C700585F54 /* PBXContainerItemProxy */ = {
			isa = PBXContainerItemProxy;
			containerPortal = AA75B403123CD3AE00585F54 /* cocos2d-ios.xcodeproj */;
			proxyType = 2;
			remoteGlobalIDString = 509B39DF0F31020900F2FB95;
			remoteInfo = TouchJSON;
		};
		AA75B592123CD3C700585F54 /* PBXContainerItemProxy */ = {
			isa = PBXContainerItemProxy;
			containerPortal = AA75B403123CD3AE00585F54 /* cocos2d-ios.xcodeproj */;
			proxyType = 2;
			remoteGlobalIDString = 8E6CBEEF0F7A758000D47B3A;
			remoteInfo = vorbis;
		};
		AA75B594123CD3C700585F54 /* PBXContainerItemProxy */ = {
			isa = PBXContainerItemProxy;
			containerPortal = AA75B403123CD3AE00585F54 /* cocos2d-ios.xcodeproj */;
			proxyType = 2;
			remoteGlobalIDString = 504CC32F1035BDE90096894C;
			remoteInfo = ActionManagerTest;
		};
		AA75B596123CD3C700585F54 /* PBXContainerItemProxy */ = {
			isa = PBXContainerItemProxy;
			containerPortal = AA75B403123CD3AE00585F54 /* cocos2d-ios.xcodeproj */;
			proxyType = 2;
			remoteGlobalIDString = 50C93AAD0E0BF6E000517B01;
			remoteInfo = ActionsTest;
		};
		AA75B598123CD3C700585F54 /* PBXContainerItemProxy */ = {
			isa = PBXContainerItemProxy;
			containerPortal = AA75B403123CD3AE00585F54 /* cocos2d-ios.xcodeproj */;
			proxyType = 2;
			remoteGlobalIDString = 05CA7B0410ED674700F12774;
			remoteInfo = ActionsWithBlocksSample;
		};
		AA75B59A123CD3C700585F54 /* PBXContainerItemProxy */ = {
			isa = PBXContainerItemProxy;
			containerPortal = AA75B403123CD3AE00585F54 /* cocos2d-ios.xcodeproj */;
			proxyType = 2;
			remoteGlobalIDString = 504828800F45AED700A30CEF;
			remoteInfo = AttachTest;
		};
		AA75B59C123CD3C700585F54 /* PBXContainerItemProxy */ = {
			isa = PBXContainerItemProxy;
			containerPortal = AA75B403123CD3AE00585F54 /* cocos2d-ios.xcodeproj */;
			proxyType = 2;
			remoteGlobalIDString = 5042262E0FC0B5D500B992F7;
			remoteInfo = Box2dAccelTouchTest;
		};
		AA75B59E123CD3C700585F54 /* PBXContainerItemProxy */ = {
			isa = PBXContainerItemProxy;
			containerPortal = AA75B403123CD3AE00585F54 /* cocos2d-ios.xcodeproj */;
			proxyType = 2;
			remoteGlobalIDString = 50010ED2103B3DB80059EC2E;
			remoteInfo = Box2dTestBed;
		};
		AA75B5A0123CD3C700585F54 /* PBXContainerItemProxy */ = {
			isa = PBXContainerItemProxy;
			containerPortal = AA75B403123CD3AE00585F54 /* cocos2d-ios.xcodeproj */;
			proxyType = 2;
			remoteGlobalIDString = 50B2C5E80E100EF000AE9530;
			remoteInfo = ChipmunkAccelTouchTest;
		};
		AA75B5A2123CD3C700585F54 /* PBXContainerItemProxy */ = {
			isa = PBXContainerItemProxy;
			containerPortal = AA75B403123CD3AE00585F54 /* cocos2d-ios.xcodeproj */;
			proxyType = 2;
			remoteGlobalIDString = 50B2CE460E129FD900AE9530;
			remoteInfo = ChipmunkTestBed;
		};
		AA75B5A4123CD3C700585F54 /* PBXContainerItemProxy */ = {
			isa = PBXContainerItemProxy;
			containerPortal = AA75B403123CD3AE00585F54 /* cocos2d-ios.xcodeproj */;
			proxyType = 2;
			remoteGlobalIDString = 506C77E20E01520900B48100;
			remoteInfo = ClickAndMoveTest;
		};
		AA75B5A6123CD3C700585F54 /* PBXContainerItemProxy */ = {
			isa = PBXContainerItemProxy;
			containerPortal = AA75B403123CD3AE00585F54 /* cocos2d-ios.xcodeproj */;
			proxyType = 2;
			remoteGlobalIDString = 505224F911B3D4700061670F;
			remoteInfo = "CocosDenshion - Tom The Turret";
		};
		AA75B5A8123CD3C700585F54 /* PBXContainerItemProxy */ = {
			isa = PBXContainerItemProxy;
			containerPortal = AA75B403123CD3AE00585F54 /* cocos2d-ios.xcodeproj */;
			proxyType = 2;
			remoteGlobalIDString = 505228BA11B3DBB90061670F;
			remoteInfo = "CocosDenshion - Drum Pad";
		};
		AA75B5AA123CD3C700585F54 /* PBXContainerItemProxy */ = {
			isa = PBXContainerItemProxy;
			containerPortal = AA75B403123CD3AE00585F54 /* cocos2d-ios.xcodeproj */;
			proxyType = 2;
			remoteGlobalIDString = 5052293C11B3DCD80061670F;
			remoteInfo = "CocosDenshion - Fade To Grey";
		};
		AA75B5AC123CD3C700585F54 /* PBXContainerItemProxy */ = {
			isa = PBXContainerItemProxy;
			containerPortal = AA75B403123CD3AE00585F54 /* cocos2d-ios.xcodeproj */;
			proxyType = 2;
			remoteGlobalIDString = 5052296E11B3DCE90061670F;
			remoteInfo = "CocosDenshion - FancyRat Metering";
		};
		AA75B5AE123CD3C700585F54 /* PBXContainerItemProxy */ = {
			isa = PBXContainerItemProxy;
			containerPortal = AA75B403123CD3AE00585F54 /* cocos2d-ios.xcodeproj */;
			proxyType = 2;
			remoteGlobalIDString = 509B3A280F3102FD00F2FB95;
			remoteInfo = cocosLiveTest;
		};
		AA75B5B0123CD3C700585F54 /* PBXContainerItemProxy */ = {
			isa = PBXContainerItemProxy;
			containerPortal = AA75B403123CD3AE00585F54 /* cocos2d-ios.xcodeproj */;
			proxyType = 2;
			remoteGlobalIDString = 506144080E589A2E003CCDB7;
			remoteInfo = cocosnodeTest;
		};
		AA75B5B2123CD3C700585F54 /* PBXContainerItemProxy */ = {
			isa = PBXContainerItemProxy;
			containerPortal = AA75B403123CD3AE00585F54 /* cocos2d-ios.xcodeproj */;
			proxyType = 2;
			remoteGlobalIDString = 501945740F964C620059CE7C;
			remoteInfo = drawPrimitivesTest;
		};
		AA75B5B4123CD3C700585F54 /* PBXContainerItemProxy */ = {
			isa = PBXContainerItemProxy;
			containerPortal = AA75B403123CD3AE00585F54 /* cocos2d-ios.xcodeproj */;
			proxyType = 2;
			remoteGlobalIDString = 504E17DC11C4C7E100E19835;
			remoteInfo = EAGLViewTest;
		};
		AA75B5B6123CD3C700585F54 /* PBXContainerItemProxy */ = {
			isa = PBXContainerItemProxy;
			containerPortal = AA75B403123CD3AE00585F54 /* cocos2d-ios.xcodeproj */;
			proxyType = 2;
			remoteGlobalIDString = 505B63A30F2F4210001B4104;
			remoteInfo = EaseActionsTest;
		};
		AA75B5B8123CD3C700585F54 /* PBXContainerItemProxy */ = {
			isa = PBXContainerItemProxy;
			containerPortal = AA75B403123CD3AE00585F54 /* cocos2d-ios.xcodeproj */;
			proxyType = 2;
			remoteGlobalIDString = 50A24E440F377FA1007CAEB0;
			remoteInfo = EffectsTest;
		};
		AA75B5BA123CD3C700585F54 /* PBXContainerItemProxy */ = {
			isa = PBXContainerItemProxy;
			containerPortal = AA75B403123CD3AE00585F54 /* cocos2d-ios.xcodeproj */;
			proxyType = 2;
			remoteGlobalIDString = 50D56FD20F3FABEC007CD6B9;
			remoteInfo = EffectsAdvancedTest;
		};
		AA75B5BC123CD3C700585F54 /* PBXContainerItemProxy */ = {
			isa = PBXContainerItemProxy;
			containerPortal = AA75B403123CD3AE00585F54 /* cocos2d-ios.xcodeproj */;
			proxyType = 2;
			remoteGlobalIDString = DAABAA9A1059A42E00794EB3;
			remoteInfo = FontTest;
		};
		AA75B5BE123CD3C700585F54 /* PBXContainerItemProxy */ = {
			isa = PBXContainerItemProxy;
			containerPortal = AA75B403123CD3AE00585F54 /* cocos2d-ios.xcodeproj */;
			proxyType = 2;
			remoteGlobalIDString = 50C7D4950E5C2ED80035ACA2;
			remoteInfo = IntervalTest;
		};
		AA75B5C0123CD3C700585F54 /* PBXContainerItemProxy */ = {
			isa = PBXContainerItemProxy;
			containerPortal = AA75B403123CD3AE00585F54 /* cocos2d-ios.xcodeproj */;
			proxyType = 2;
			remoteGlobalIDString = 50E77D1211D4C926009CA2C2;
			remoteInfo = HiResTest;
		};
		AA75B5C2123CD3C700585F54 /* PBXContainerItemProxy */ = {
			isa = PBXContainerItemProxy;
			containerPortal = AA75B403123CD3AE00585F54 /* cocos2d-ios.xcodeproj */;
			proxyType = 2;
			remoteGlobalIDString = 506882110E95761200F943E5;
			remoteInfo = LabelTest;
		};
		AA75B5C4123CD3C700585F54 /* PBXContainerItemProxy */ = {
			isa = PBXContainerItemProxy;
			containerPortal = AA75B403123CD3AE00585F54 /* cocos2d-ios.xcodeproj */;
			proxyType = 2;
			remoteGlobalIDString = 504799B1100F6A4200D1C71A;
			remoteInfo = LayerTest;
		};
		AA75B5C6123CD3C700585F54 /* PBXContainerItemProxy */ = {
			isa = PBXContainerItemProxy;
			containerPortal = AA75B403123CD3AE00585F54 /* cocos2d-ios.xcodeproj */;
			proxyType = 2;
			remoteGlobalIDString = 506C7A090E01C73A00B48100;
			remoteInfo = MenuTest;
		};
		AA75B5C8123CD3C700585F54 /* PBXContainerItemProxy */ = {
			isa = PBXContainerItemProxy;
			containerPortal = AA75B403123CD3AE00585F54 /* cocos2d-ios.xcodeproj */;
			proxyType = 2;
			remoteGlobalIDString = 05AAF3E410EE85B300CACA2B;
			remoteInfo = MenuTestWithBlocks;
		};
		AA75B5CA123CD3C700585F54 /* PBXContainerItemProxy */ = {
			isa = PBXContainerItemProxy;
			containerPortal = AA75B403123CD3AE00585F54 /* cocos2d-ios.xcodeproj */;
			proxyType = 2;
			remoteGlobalIDString = 50A783C40F3AFCE500104C45;
			remoteInfo = MotionStreakTest;
		};
		AA75B5CC123CD3C700585F54 /* PBXContainerItemProxy */ = {
			isa = PBXContainerItemProxy;
			containerPortal = AA75B403123CD3AE00585F54 /* cocos2d-ios.xcodeproj */;
			proxyType = 2;
			remoteGlobalIDString = 50C195600EE4B57E00829067;
			remoteInfo = ParallaxTest;
		};
		AA75B5CE123CD3C700585F54 /* PBXContainerItemProxy */ = {
			isa = PBXContainerItemProxy;
			containerPortal = AA75B403123CD3AE00585F54 /* cocos2d-ios.xcodeproj */;
			proxyType = 2;
			remoteGlobalIDString = 50DB1BCA0E1C1E5900A89DFF;
			remoteInfo = ParticleTest;
		};
		AA75B5D0123CD3C700585F54 /* PBXContainerItemProxy */ = {
			isa = PBXContainerItemProxy;
			containerPortal = AA75B403123CD3AE00585F54 /* cocos2d-ios.xcodeproj */;
			proxyType = 2;
			remoteGlobalIDString = 8EDF3ED80F6BDA0000F54643;
			remoteInfo = "PASoundEngineTest (experimental)";
		};
		AA75B5D2123CD3C700585F54 /* PBXContainerItemProxy */ = {
			isa = PBXContainerItemProxy;
			containerPortal = AA75B403123CD3AE00585F54 /* cocos2d-ios.xcodeproj */;
			proxyType = 2;
			remoteGlobalIDString = 5006BD0D11BCF3C300E488BD;
			remoteInfo = PerformanceTestChildrenNode;
		};
		AA75B5D4123CD3C700585F54 /* PBXContainerItemProxy */ = {
			isa = PBXContainerItemProxy;
			containerPortal = AA75B403123CD3AE00585F54 /* cocos2d-ios.xcodeproj */;
			proxyType = 2;
			remoteGlobalIDString = 50E2A40010A4A53000D894CE;
			remoteInfo = PerformanceTestParticles;
		};
		AA75B5D6123CD3C700585F54 /* PBXContainerItemProxy */ = {
			isa = PBXContainerItemProxy;
			containerPortal = AA75B403123CD3AE00585F54 /* cocos2d-ios.xcodeproj */;
			proxyType = 2;
			remoteGlobalIDString = 50E2A3F410A4A51C00D894CE;
			remoteInfo = PerformanceTestSprites;
		};
		AA75B5D8123CD3C700585F54 /* PBXContainerItemProxy */ = {
			isa = PBXContainerItemProxy;
			containerPortal = AA75B403123CD3AE00585F54 /* cocos2d-ios.xcodeproj */;
			proxyType = 2;
			remoteGlobalIDString = 504018FB10FE800D0017842A;
			remoteInfo = PerformanceTestTouches;
		};
		AA75B5DA123CD3C700585F54 /* PBXContainerItemProxy */ = {
			isa = PBXContainerItemProxy;
			containerPortal = AA75B403123CD3AE00585F54 /* cocos2d-ios.xcodeproj */;
			proxyType = 2;
			remoteGlobalIDString = 501504ED11330E1700A9CA65;
			remoteInfo = ProgressActionsTest;
		};
		AA75B5DC123CD3C700585F54 /* PBXContainerItemProxy */ = {
			isa = PBXContainerItemProxy;
			containerPortal = AA75B403123CD3AE00585F54 /* cocos2d-ios.xcodeproj */;
			proxyType = 2;
			remoteGlobalIDString = 495E73F7104B74E20012BB52;
			remoteInfo = RenderTextureTest;
		};
		AA75B5DE123CD3C700585F54 /* PBXContainerItemProxy */ = {
			isa = PBXContainerItemProxy;
			containerPortal = AA75B403123CD3AE00585F54 /* cocos2d-ios.xcodeproj */;
			proxyType = 2;
			remoteGlobalIDString = 502C66180DFEFCCA00E4107D;
			remoteInfo = RotateWorldTest;
		};
		AA75B5E0123CD3C700585F54 /* PBXContainerItemProxy */ = {
			isa = PBXContainerItemProxy;
			containerPortal = AA75B403123CD3AE00585F54 /* cocos2d-ios.xcodeproj */;
			proxyType = 2;
			remoteGlobalIDString = 506C800E0E041C9300B48100;
			remoteInfo = SceneTest;
		};
		AA75B5E2123CD3C700585F54 /* PBXContainerItemProxy */ = {
			isa = PBXContainerItemProxy;
			containerPortal = AA75B403123CD3AE00585F54 /* cocos2d-ios.xcodeproj */;
			proxyType = 2;
			remoteGlobalIDString = 508CA7DA1193270F003AC397;
			remoteInfo = SchedulerTest;
		};
		AA75B5E4123CD3C700585F54 /* PBXContainerItemProxy */ = {
			isa = PBXContainerItemProxy;
			containerPortal = AA75B403123CD3AE00585F54 /* cocos2d-ios.xcodeproj */;
			proxyType = 2;
			remoteGlobalIDString = 501C7C910F91EFFF0024A296;
			remoteInfo = SpriteTest;
		};
		AA75B5E6123CD3C700585F54 /* PBXContainerItemProxy */ = {
			isa = PBXContainerItemProxy;
			containerPortal = AA75B403123CD3AE00585F54 /* cocos2d-ios.xcodeproj */;
			proxyType = 2;
			remoteGlobalIDString = 505B62D60F2E6A0F001B4104;
			remoteInfo = Texture2dTest;
		};
		AA75B5E8123CD3C700585F54 /* PBXContainerItemProxy */ = {
			isa = PBXContainerItemProxy;
			containerPortal = AA75B403123CD3AE00585F54 /* cocos2d-ios.xcodeproj */;
			proxyType = 2;
			remoteGlobalIDString = 503F5CBE101FE930002A37E5;
			remoteInfo = TileMapTest;
		};
		AA75B5EA123CD3C700585F54 /* PBXContainerItemProxy */ = {
			isa = PBXContainerItemProxy;
			containerPortal = AA75B403123CD3AE00585F54 /* cocos2d-ios.xcodeproj */;
			proxyType = 2;
			remoteGlobalIDString = 5012DD3B0FE2994300D6DDD1;
			remoteInfo = TouchesTest;
		};
		AA75B5EC123CD3C700585F54 /* PBXContainerItemProxy */ = {
			isa = PBXContainerItemProxy;
			containerPortal = AA75B403123CD3AE00585F54 /* cocos2d-ios.xcodeproj */;
			proxyType = 2;
			remoteGlobalIDString = 50C938E00E0A9DBB00517B01;
			remoteInfo = TransitionsTest;
		};
		AA75B5EE123CD3C700585F54 /* PBXContainerItemProxy */ = {
			isa = PBXContainerItemProxy;
			containerPortal = AA75B403123CD3AE00585F54 /* cocos2d-ios.xcodeproj */;
			proxyType = 2;
			remoteGlobalIDString = E0C5588611FE48E600B9E4CB;
			remoteInfo = ZwoptexTest;
		};
		AA75B5F0123CD3C700585F54 /* PBXContainerItemProxy */ = {
			isa = PBXContainerItemProxy;
			containerPortal = AA75B403123CD3AE00585F54 /* cocos2d-ios.xcodeproj */;
			proxyType = 2;
			remoteGlobalIDString = 50DFC29F0FF627B6007E7827;
			remoteInfo = HelloWorldSample;
		};
		AA75B5F2123CD3C700585F54 /* PBXContainerItemProxy */ = {
			isa = PBXContainerItemProxy;
			containerPortal = AA75B403123CD3AE00585F54 /* cocos2d-ios.xcodeproj */;
			proxyType = 2;
			remoteGlobalIDString = 50D0E05F0FF9232E00098927;
			remoteInfo = HelloActionsSample;
		};
		AA75B5F4123CD3C700585F54 /* PBXContainerItemProxy */ = {
			isa = PBXContainerItemProxy;
			containerPortal = AA75B403123CD3AE00585F54 /* cocos2d-ios.xcodeproj */;
			proxyType = 2;
			remoteGlobalIDString = 50D0E0DE0FF930BA00098927;
			remoteInfo = HelloEventsSample;
		};
		AA75B5F6123CD3C700585F54 /* PBXContainerItemProxy */ = {
			isa = PBXContainerItemProxy;
			containerPortal = AA75B403123CD3AE00585F54 /* cocos2d-ios.xcodeproj */;
			proxyType = 2;
			remoteGlobalIDString = 507FF8F2116D16F600B6FAB2;
			remoteInfo = Bug350;
		};
		AA75B5F8123CD3C700585F54 /* PBXContainerItemProxy */ = {
			isa = PBXContainerItemProxy;
			containerPortal = AA75B403123CD3AE00585F54 /* cocos2d-ios.xcodeproj */;
			proxyType = 2;
			remoteGlobalIDString = 50CB34DD100765EF00B7A750;
			remoteInfo = Bug422;
		};
		AA75B5FA123CD3C700585F54 /* PBXContainerItemProxy */ = {
			isa = PBXContainerItemProxy;
			containerPortal = AA75B403123CD3AE00585F54 /* cocos2d-ios.xcodeproj */;
			proxyType = 2;
			remoteGlobalIDString = 50CBA48711CBD6FB007B009D;
			remoteInfo = Bug886;
		};
		AA75B5FC123CD3C700585F54 /* PBXContainerItemProxy */ = {
			isa = PBXContainerItemProxy;
			containerPortal = AA75B403123CD3AE00585F54 /* cocos2d-ios.xcodeproj */;
			proxyType = 2;
			remoteGlobalIDString = 507C0F0B11D609290075E747;
			remoteInfo = Bug899;
		};
		AA75B5FE123CD3C700585F54 /* PBXContainerItemProxy */ = {
			isa = PBXContainerItemProxy;
			containerPortal = AA75B403123CD3AE00585F54 /* cocos2d-ios.xcodeproj */;
			proxyType = 2;
			remoteGlobalIDString = 502BF56911E39CC30030C477;
			remoteInfo = Bug914;
		};
		AA75B600123CD3E900585F54 /* PBXContainerItemProxy */ = {
			isa = PBXContainerItemProxy;
			containerPortal = AA75B403123CD3AE00585F54 /* cocos2d-ios.xcodeproj */;
			proxyType = 1;
			remoteGlobalIDString = 50B2C4D00E100AEA00AE9530;
			remoteInfo = Chipmunk;
		};
		AA75B602123CD3E900585F54 /* PBXContainerItemProxy */ = {
			isa = PBXContainerItemProxy;
			containerPortal = AA75B403123CD3AE00585F54 /* cocos2d-ios.xcodeproj */;
			proxyType = 1;
			remoteGlobalIDString = 5018F24C0DFDEAC400C013A5;
			remoteInfo = cocos2d;
		};
		AAE6D74D12731FBE00690D9C /* PBXContainerItemProxy */ = {
			isa = PBXContainerItemProxy;
			containerPortal = AA75B403123CD3AE00585F54 /* cocos2d-ios.xcodeproj */;
			proxyType = 1;
			remoteGlobalIDString = 50CB2FC91004C8B100B7A750;
			remoteInfo = CocosDenshion;
		};
/* End PBXContainerItemProxy section */

/* Begin PBXFileReference section */
		1D30AB110D05D00D00671497 /* Foundation.framework */ = {isa = PBXFileReference; lastKnownFileType = wrapper.framework; name = Foundation.framework; path = System/Library/Frameworks/Foundation.framework; sourceTree = SDKROOT; };
		1D3623240D0F684500981E51 /* MaturaAppAppDelegate.h */ = {isa = PBXFileReference; fileEncoding = 4; lastKnownFileType = sourcecode.c.h; path = MaturaAppAppDelegate.h; sourceTree = "<group>"; };
		1D3623250D0F684500981E51 /* MaturaAppAppDelegate.m */ = {isa = PBXFileReference; fileEncoding = 4; lastKnownFileType = sourcecode.c.objc; path = MaturaAppAppDelegate.m; sourceTree = "<group>"; };
		1D6058910D05DD3D006BFB54 /* MaturaApp.app */ = {isa = PBXFileReference; explicitFileType = wrapper.application; includeInIndex = 0; path = MaturaApp.app; sourceTree = BUILT_PRODUCTS_DIR; };
		1DF5F4DF0D08C38300B7A737 /* UIKit.framework */ = {isa = PBXFileReference; lastKnownFileType = wrapper.framework; name = UIKit.framework; path = System/Library/Frameworks/UIKit.framework; sourceTree = SDKROOT; };
		28FD14FF0DC6FC520079059D /* OpenGLES.framework */ = {isa = PBXFileReference; lastKnownFileType = wrapper.framework; name = OpenGLES.framework; path = System/Library/Frameworks/OpenGLES.framework; sourceTree = SDKROOT; };
		28FD15070DC6FC5B0079059D /* QuartzCore.framework */ = {isa = PBXFileReference; lastKnownFileType = wrapper.framework; name = QuartzCore.framework; path = System/Library/Frameworks/QuartzCore.framework; sourceTree = SDKROOT; };
		29B97316FDCFA39411CA2CEA /* main.m */ = {isa = PBXFileReference; fileEncoding = 4; lastKnownFileType = sourcecode.c.objc; path = main.m; sourceTree = "<group>"; };
		32CA4F630368D1EE00C91783 /* MaturaApp_Prefix.pch */ = {isa = PBXFileReference; fileEncoding = 4; lastKnownFileType = sourcecode.c.h; path = MaturaApp_Prefix.pch; sourceTree = "<group>"; };
		AA0ECD8E1291C30200616FAA /* Hero */ = {isa = PBXFileReference; lastKnownFileType = folder; path = Hero; sourceTree = "<group>"; };
		AA0ECD951291C3E900616FAA /* Enemy */ = {isa = PBXFileReference; lastKnownFileType = folder; path = Enemy; sourceTree = "<group>"; };
		AA1BAD5E1236BC8A00F37390 /* GameData.h */ = {isa = PBXFileReference; fileEncoding = 4; lastKnownFileType = sourcecode.c.h; path = GameData.h; sourceTree = "<group>"; };
		AA1BAD5F1236BC8A00F37390 /* GameData.m */ = {isa = PBXFileReference; fileEncoding = 4; lastKnownFileType = sourcecode.c.objc; path = GameData.m; sourceTree = "<group>"; };
		AA31319C1233DABE0098711E /* HelloWorldScene.h */ = {isa = PBXFileReference; fileEncoding = 4; lastKnownFileType = sourcecode.c.h; path = HelloWorldScene.h; sourceTree = "<group>"; };
		AA31319D1233DABE0098711E /* HelloWorldScene.m */ = {isa = PBXFileReference; fileEncoding = 4; lastKnownFileType = sourcecode.c.objc; path = HelloWorldScene.m; sourceTree = "<group>"; };
		AA31319F1233DB440098711E /* AudioToolbox.framework */ = {isa = PBXFileReference; lastKnownFileType = wrapper.framework; name = AudioToolbox.framework; path = System/Library/Frameworks/AudioToolbox.framework; sourceTree = SDKROOT; };
		AA3131A11233DB440098711E /* AVFoundation.framework */ = {isa = PBXFileReference; lastKnownFileType = wrapper.framework; name = AVFoundation.framework; path = System/Library/Frameworks/AVFoundation.framework; sourceTree = SDKROOT; };
		AA3131A31233DB440098711E /* CoreGraphics.framework */ = {isa = PBXFileReference; lastKnownFileType = wrapper.framework; name = CoreGraphics.framework; path = System/Library/Frameworks/CoreGraphics.framework; sourceTree = SDKROOT; };
		AA3131A51233DB440098711E /* OpenAL.framework */ = {isa = PBXFileReference; lastKnownFileType = wrapper.framework; name = OpenAL.framework; path = System/Library/Frameworks/OpenAL.framework; sourceTree = SDKROOT; };
		AA3131A71233DB440098711E /* libz.dylib */ = {isa = PBXFileReference; lastKnownFileType = "compiled.mach-o.dylib"; name = libz.dylib; path = usr/lib/libz.dylib; sourceTree = SDKROOT; };
		AA3132231233DD610098711E /* cpCCNode.h */ = {isa = PBXFileReference; fileEncoding = 4; lastKnownFileType = sourcecode.c.h; path = cpCCNode.h; sourceTree = "<group>"; };
		AA3132241233DD610098711E /* cpCCNode.m */ = {isa = PBXFileReference; fileEncoding = 4; lastKnownFileType = sourcecode.c.objc; path = cpCCNode.m; sourceTree = "<group>"; };
		AA3132251233DD610098711E /* cpCCNodeImpl.h */ = {isa = PBXFileReference; fileEncoding = 4; lastKnownFileType = sourcecode.c.h; path = cpCCNodeImpl.h; sourceTree = "<group>"; };
		AA3132261233DD610098711E /* cpCCNodeImpl.m */ = {isa = PBXFileReference; fileEncoding = 4; lastKnownFileType = sourcecode.c.objc; path = cpCCNodeImpl.m; sourceTree = "<group>"; };
		AA3132271233DD610098711E /* cpCCSprite.h */ = {isa = PBXFileReference; fileEncoding = 4; lastKnownFileType = sourcecode.c.h; path = cpCCSprite.h; sourceTree = "<group>"; };
		AA3132281233DD610098711E /* cpCCSprite.m */ = {isa = PBXFileReference; fileEncoding = 4; lastKnownFileType = sourcecode.c.objc; path = cpCCSprite.m; sourceTree = "<group>"; };
		AA3132291233DD610098711E /* cpConstraintNode.h */ = {isa = PBXFileReference; fileEncoding = 4; lastKnownFileType = sourcecode.c.h; path = cpConstraintNode.h; sourceTree = "<group>"; };
		AA31322A1233DD610098711E /* cpConstraintNode.m */ = {isa = PBXFileReference; fileEncoding = 4; lastKnownFileType = sourcecode.c.objc; path = cpConstraintNode.m; sourceTree = "<group>"; };
		AA31322B1233DD610098711E /* cpShapeNode.h */ = {isa = PBXFileReference; fileEncoding = 4; lastKnownFileType = sourcecode.c.h; path = cpShapeNode.h; sourceTree = "<group>"; };
		AA31322C1233DD610098711E /* cpShapeNode.m */ = {isa = PBXFileReference; fileEncoding = 4; lastKnownFileType = sourcecode.c.objc; path = cpShapeNode.m; sourceTree = "<group>"; };
		AA31322E1233DD610098711E /* cpSpaceSerializer.cpp */ = {isa = PBXFileReference; fileEncoding = 4; lastKnownFileType = sourcecode.cpp.cpp; path = cpSpaceSerializer.cpp; sourceTree = "<group>"; };
		AA31322F1233DD610098711E /* cpSpaceSerializer.h */ = {isa = PBXFileReference; fileEncoding = 4; lastKnownFileType = sourcecode.c.h; path = cpSpaceSerializer.h; sourceTree = "<group>"; };
		AA3132321233DD610098711E /* tinystr.cpp */ = {isa = PBXFileReference; fileEncoding = 4; lastKnownFileType = sourcecode.cpp.cpp; path = tinystr.cpp; sourceTree = "<group>"; };
		AA3132331233DD610098711E /* tinystr.h */ = {isa = PBXFileReference; fileEncoding = 4; lastKnownFileType = sourcecode.c.h; path = tinystr.h; sourceTree = "<group>"; };
		AA3132341233DD610098711E /* tinyxml.cpp */ = {isa = PBXFileReference; fileEncoding = 4; lastKnownFileType = sourcecode.cpp.cpp; path = tinyxml.cpp; sourceTree = "<group>"; };
		AA3132351233DD610098711E /* tinyxml.h */ = {isa = PBXFileReference; fileEncoding = 4; lastKnownFileType = sourcecode.c.h; path = tinyxml.h; sourceTree = "<group>"; };
		AA3132361233DD610098711E /* tinyxmlerror.cpp */ = {isa = PBXFileReference; fileEncoding = 4; lastKnownFileType = sourcecode.cpp.cpp; path = tinyxmlerror.cpp; sourceTree = "<group>"; };
		AA3132371233DD610098711E /* tinyxmlparser.cpp */ = {isa = PBXFileReference; fileEncoding = 4; lastKnownFileType = sourcecode.cpp.cpp; path = tinyxmlparser.cpp; sourceTree = "<group>"; };
		AA3132381233DD610098711E /* SpaceManager.h */ = {isa = PBXFileReference; fileEncoding = 4; lastKnownFileType = sourcecode.c.h; path = SpaceManager.h; sourceTree = "<group>"; };
		AA3132391233DD610098711E /* SpaceManager.mm */ = {isa = PBXFileReference; fileEncoding = 4; lastKnownFileType = sourcecode.cpp.objcpp; path = SpaceManager.mm; sourceTree = "<group>"; };
		AA31324D1233DD760098711E /* Sphere.h */ = {isa = PBXFileReference; fileEncoding = 4; lastKnownFileType = sourcecode.c.h; path = Sphere.h; sourceTree = "<group>"; };
		AA31324E1233DD760098711E /* Sphere.m */ = {isa = PBXFileReference; fileEncoding = 4; lastKnownFileType = sourcecode.c.objc; path = Sphere.m; sourceTree = "<group>"; };
		AA31324F1233DD760098711E /* EnemySphere.h */ = {isa = PBXFileReference; fileEncoding = 4; lastKnownFileType = sourcecode.c.h; path = EnemySphere.h; sourceTree = "<group>"; };
		AA3132501233DD760098711E /* EnemySphere.m */ = {isa = PBXFileReference; fileEncoding = 4; lastKnownFileType = sourcecode.c.objc; path = EnemySphere.m; sourceTree = "<group>"; };
		AA31326E1233DEA10098711E /* GameScene.h */ = {isa = PBXFileReference; fileEncoding = 4; lastKnownFileType = sourcecode.c.h; path = GameScene.h; sourceTree = "<group>"; };
		AA31326F1233DEA10098711E /* GameScene.m */ = {isa = PBXFileReference; fileEncoding = 4; lastKnownFileType = sourcecode.c.objc; path = GameScene.m; sourceTree = "<group>"; };
		AA3134511233E8110098711E /* blank.png */ = {isa = PBXFileReference; lastKnownFileType = image.png; path = blank.png; sourceTree = "<group>"; };
		AA31346A1233E8850098711E /* fps_images.png */ = {isa = PBXFileReference; lastKnownFileType = image.png; path = fps_images.png; sourceTree = "<group>"; };
		AA31346B1233E8850098711E /* Icon.png */ = {isa = PBXFileReference; lastKnownFileType = image.png; path = Icon.png; sourceTree = "<group>"; };
		AA31346C1233E8850098711E /* Info.plist */ = {isa = PBXFileReference; fileEncoding = 4; lastKnownFileType = text.plist.xml; path = Info.plist; sourceTree = "<group>"; };
		AA7178A21262FF9F00B125E6 /* Icon@2x.png */ = {isa = PBXFileReference; lastKnownFileType = image.png; path = "Icon@2x.png"; sourceTree = "<group>"; };
		AA7179521265D21000B125E6 /* GameOver.h */ = {isa = PBXFileReference; fileEncoding = 4; lastKnownFileType = sourcecode.c.h; path = GameOver.h; sourceTree = "<group>"; };
		AA7179531265D21000B125E6 /* GameOver.m */ = {isa = PBXFileReference; fileEncoding = 4; lastKnownFileType = sourcecode.c.objc; path = GameOver.m; sourceTree = "<group>"; };
		AA718032126DEBD900B125E6 /* bebas-hd.fnt */ = {isa = PBXFileReference; fileEncoding = 4; lastKnownFileType = text; path = "bebas-hd.fnt"; sourceTree = "<group>"; };
		AA718033126DEBD900B125E6 /* bebas-hd.png */ = {isa = PBXFileReference; lastKnownFileType = image.png; path = "bebas-hd.png"; sourceTree = "<group>"; };
		AA718034126DEBD900B125E6 /* bebas.fnt */ = {isa = PBXFileReference; fileEncoding = 4; lastKnownFileType = text; path = bebas.fnt; sourceTree = "<group>"; };
		AA718035126DEBD900B125E6 /* bebas.png */ = {isa = PBXFileReference; lastKnownFileType = image.png; path = bebas.png; sourceTree = "<group>"; };
		AA71803A126DEBF900B125E6 /* BG */ = {isa = PBXFileReference; lastKnownFileType = folder; path = BG; sourceTree = "<group>"; };
		AA71803B126DEBF900B125E6 /* Buttons */ = {isa = PBXFileReference; lastKnownFileType = folder; path = Buttons; sourceTree = "<group>"; };
		AA71803C126DEBFA00B125E6 /* Titles */ = {isa = PBXFileReference; lastKnownFileType = folder; path = Titles; sourceTree = "<group>"; };
		AA718042126DED1700B125E6 /* Shrink */ = {isa = PBXFileReference; lastKnownFileType = folder; path = Shrink; sourceTree = "<group>"; };
		AA71820E126F84E100B125E6 /* Default.png */ = {isa = PBXFileReference; lastKnownFileType = image.png; path = Default.png; sourceTree = "<group>"; };
		AA71820F126F84E100B125E6 /* Default@2x.png */ = {isa = PBXFileReference; lastKnownFileType = image.png; path = "Default@2x.png"; sourceTree = "<group>"; };
		AA71828B12704BEB00B125E6 /* gamePaused-hd.png */ = {isa = PBXFileReference; lastKnownFileType = image.png; path = "gamePaused-hd.png"; sourceTree = "<group>"; };
		AA71828C12704BEB00B125E6 /* gamePaused.png */ = {isa = PBXFileReference; lastKnownFileType = image.png; path = gamePaused.png; sourceTree = "<group>"; };
		AA75B403123CD3AE00585F54 /* cocos2d-ios.xcodeproj */ = {isa = PBXFileReference; lastKnownFileType = "wrapper.pb-project"; path = "cocos2d-ios.xcodeproj"; sourceTree = COCOS2D_SOURCE; };
		AA76B8901246A7AA006ED952 /* LevelParser.h */ = {isa = PBXFileReference; fileEncoding = 4; lastKnownFileType = sourcecode.c.h; path = LevelParser.h; sourceTree = "<group>"; };
		AA76B8911246A7AA006ED952 /* LevelParser.m */ = {isa = PBXFileReference; fileEncoding = 4; lastKnownFileType = sourcecode.c.objc; path = LevelParser.m; sourceTree = "<group>"; };
		AA8CBDED125A05BB008A851C /* WorldChoice.h */ = {isa = PBXFileReference; fileEncoding = 4; lastKnownFileType = sourcecode.c.h; path = WorldChoice.h; sourceTree = "<group>"; };
		AA8CBDEE125A05BB008A851C /* WorldChoice.m */ = {isa = PBXFileReference; fileEncoding = 4; lastKnownFileType = sourcecode.c.objc; path = WorldChoice.m; sourceTree = "<group>"; };
		AA8CC0B4125A7064008A851C /* pausedScreen-hd.png */ = {isa = PBXFileReference; lastKnownFileType = image.png; path = "pausedScreen-hd.png"; sourceTree = "<group>"; };
		AA8CC0B5125A7064008A851C /* pausedScreen.png */ = {isa = PBXFileReference; lastKnownFileType = image.png; path = pausedScreen.png; sourceTree = "<group>"; };
		AA9DDDA2128F1A02009C891C /* world0level2.plist */ = {isa = PBXFileReference; fileEncoding = 4; lastKnownFileType = text.plist.xml; path = world0level2.plist; sourceTree = "<group>"; };
		AA9DDDA3128F1A02009C891C /* world0level3.plist */ = {isa = PBXFileReference; fileEncoding = 4; lastKnownFileType = text.plist.xml; path = world0level3.plist; sourceTree = "<group>"; };
		AAA33C671262456A00234F5B /* Scores.h */ = {isa = PBXFileReference; fileEncoding = 4; lastKnownFileType = sourcecode.c.h; path = Scores.h; sourceTree = "<group>"; };
		AAA33C681262456A00234F5B /* Scores.m */ = {isa = PBXFileReference; fileEncoding = 4; lastKnownFileType = sourcecode.c.objc; path = Scores.m; sourceTree = "<group>"; };
		AAA33C6C126245EB00234F5B /* Settings.h */ = {isa = PBXFileReference; fileEncoding = 4; lastKnownFileType = sourcecode.c.h; path = Settings.h; sourceTree = "<group>"; };
		AAA33C6D126245EB00234F5B /* Settings.m */ = {isa = PBXFileReference; fileEncoding = 4; lastKnownFileType = sourcecode.c.objc; path = Settings.m; sourceTree = "<group>"; };
		AAA33C711262466F00234F5B /* About.h */ = {isa = PBXFileReference; fileEncoding = 4; lastKnownFileType = sourcecode.c.h; path = About.h; sourceTree = "<group>"; };
		AAA33C721262466F00234F5B /* About.m */ = {isa = PBXFileReference; fileEncoding = 4; lastKnownFileType = sourcecode.c.objc; path = About.m; sourceTree = "<group>"; };
		AAA33C76126246AD00234F5B /* Help.h */ = {isa = PBXFileReference; fileEncoding = 4; lastKnownFileType = sourcecode.c.h; path = Help.h; sourceTree = "<group>"; };
		AAA33C77126246AD00234F5B /* Help.m */ = {isa = PBXFileReference; fileEncoding = 4; lastKnownFileType = sourcecode.c.objc; path = Help.m; sourceTree = "<group>"; };
		AAA4998F128582DA001DC13F /* LevelChoice.h */ = {isa = PBXFileReference; fileEncoding = 4; lastKnownFileType = sourcecode.c.h; path = LevelChoice.h; sourceTree = "<group>"; };
		AAA49990128582DA001DC13F /* LevelChoice.m */ = {isa = PBXFileReference; fileEncoding = 4; lastKnownFileType = sourcecode.c.objc; path = LevelChoice.m; sourceTree = "<group>"; };
		AAA49AAF1286B335001DC13F /* diavlo-hd.fnt */ = {isa = PBXFileReference; fileEncoding = 4; lastKnownFileType = text; path = "diavlo-hd.fnt"; sourceTree = "<group>"; };
		AAA49AB01286B335001DC13F /* diavlo-hd.png */ = {isa = PBXFileReference; lastKnownFileType = image.png; path = "diavlo-hd.png"; sourceTree = "<group>"; };
		AAA49AB11286B335001DC13F /* diavlo.fnt */ = {isa = PBXFileReference; fileEncoding = 4; lastKnownFileType = text; path = diavlo.fnt; sourceTree = "<group>"; };
		AAA49AB21286B335001DC13F /* diavlo.png */ = {isa = PBXFileReference; lastKnownFileType = image.png; path = diavlo.png; sourceTree = "<group>"; };
		AAB4B6731289641200471976 /* LargeSprites */ = {isa = PBXFileReference; lastKnownFileType = folder; path = LargeSprites; sourceTree = "<group>"; };
		AAB4B6751289641B00471976 /* LevelButtons */ = {isa = PBXFileReference; lastKnownFileType = folder; path = LevelButtons; sourceTree = "<group>"; };
		AAB4B744128A812D00471976 /* UserData.h */ = {isa = PBXFileReference; fileEncoding = 4; lastKnownFileType = sourcecode.c.h; path = UserData.h; sourceTree = "<group>"; };
		AAB4B745128A812D00471976 /* UserData.m */ = {isa = PBXFileReference; fileEncoding = 4; lastKnownFileType = sourcecode.c.objc; path = UserData.m; sourceTree = "<group>"; };
		AAC0EC96125E18CC00BD9C3D /* Countdown.h */ = {isa = PBXFileReference; fileEncoding = 4; lastKnownFileType = sourcecode.c.h; path = Countdown.h; sourceTree = "<group>"; };
		AAC0EC97125E18CC00BD9C3D /* Countdown.m */ = {isa = PBXFileReference; fileEncoding = 4; lastKnownFileType = sourcecode.c.objc; path = Countdown.m; sourceTree = "<group>"; };
		AAD5885D128B440F00607376 /* world0level1.plist */ = {isa = PBXFileReference; fileEncoding = 4; lastKnownFileType = text.plist.xml; path = world0level1.plist; sourceTree = "<group>"; };
		AAD589C5128BFFE500607376 /* world0level4.plist */ = {isa = PBXFileReference; fileEncoding = 4; lastKnownFileType = text.plist.xml; path = world0level4.plist; sourceTree = "<group>"; };
		AAD589C6128BFFE500607376 /* world0level5.plist */ = {isa = PBXFileReference; fileEncoding = 4; lastKnownFileType = text.plist.xml; path = world0level5.plist; sourceTree = "<group>"; };
		AAD589C7128BFFE500607376 /* world0level6.plist */ = {isa = PBXFileReference; fileEncoding = 4; lastKnownFileType = text.plist.xml; path = world0level6.plist; sourceTree = "<group>"; };
		AAD589C8128BFFE500607376 /* world0level7.plist */ = {isa = PBXFileReference; fileEncoding = 4; lastKnownFileType = text.plist.xml; path = world0level7.plist; sourceTree = "<group>"; };
		AAD589C9128BFFE500607376 /* world0level8.plist */ = {isa = PBXFileReference; fileEncoding = 4; lastKnownFileType = text.plist.xml; path = world0level8.plist; sourceTree = "<group>"; };
		AAD589CA128BFFE500607376 /* world0level9.plist */ = {isa = PBXFileReference; fileEncoding = 4; lastKnownFileType = text.plist.xml; path = world0level9.plist; sourceTree = "<group>"; };
		AAD589D3128BFFED00607376 /* world1level1.plist */ = {isa = PBXFileReference; fileEncoding = 4; lastKnownFileType = text.plist.xml; path = world1level1.plist; sourceTree = "<group>"; };
		AAE6D8B01274A35000690D9C /* scrollMask-hd.png */ = {isa = PBXFileReference; lastKnownFileType = image.png; path = "scrollMask-hd.png"; sourceTree = "<group>"; };
		AAE6D8B11274A35000690D9C /* scrollMask.png */ = {isa = PBXFileReference; lastKnownFileType = image.png; path = scrollMask.png; sourceTree = "<group>"; };
		AAF4EC9E127F4394001F5522 /* ScrollView.h */ = {isa = PBXFileReference; fileEncoding = 4; lastKnownFileType = sourcecode.c.h; path = ScrollView.h; sourceTree = "<group>"; };
		AAF4EC9F127F4394001F5522 /* ScrollView.m */ = {isa = PBXFileReference; fileEncoding = 4; lastKnownFileType = sourcecode.c.objc; path = ScrollView.m; sourceTree = "<group>"; };
/* End PBXFileReference section */

/* Begin PBXFrameworksBuildPhase section */
		1D60588F0D05DD3D006BFB54 /* Frameworks */ = {
			isa = PBXFrameworksBuildPhase;
			buildActionMask = 2147483647;
			files = (
				AA75B608123CD40E00585F54 /* libChipmunk.a in Frameworks */,
				AA75B609123CD40E00585F54 /* libcocos2d.a in Frameworks */,
				1D60589F0D05DD5A006BFB54 /* Foundation.framework in Frameworks */,
				1DF5F4E00D08C38300B7A737 /* UIKit.framework in Frameworks */,
				28FD15000DC6FC520079059D /* OpenGLES.framework in Frameworks */,
				28FD15080DC6FC5B0079059D /* QuartzCore.framework in Frameworks */,
				AA3131A01233DB440098711E /* AudioToolbox.framework in Frameworks */,
				AA3131A21233DB440098711E /* AVFoundation.framework in Frameworks */,
				AA3131A41233DB440098711E /* CoreGraphics.framework in Frameworks */,
				AA3131A61233DB440098711E /* OpenAL.framework in Frameworks */,
				AA3131A81233DB440098711E /* libz.dylib in Frameworks */,
			);
			runOnlyForDeploymentPostprocessing = 0;
		};
/* End PBXFrameworksBuildPhase section */

/* Begin PBXGroup section */
		080E96DDFE201D6D7F000001 /* Classes */ = {
			isa = PBXGroup;
			children = (
				AA8CBDF1125A05EA008A851C /* Data */,
				AA8CBDF0125A05D7008A851C /* Scenes */,
				AAC0EBC8125C9F1A00BD9C3D /* Sprites */,
				AAC0EBC9125C9F2300BD9C3D /* AppDelegate */,
			);
			path = Classes;
			sourceTree = "<group>";
		};
		19C28FACFE9D520D11CA2CBB /* Products */ = {
			isa = PBXGroup;
			children = (
				1D6058910D05DD3D006BFB54 /* MaturaApp.app */,
			);
			name = Products;
			sourceTree = "<group>";
		};
		29B97314FDCFA39411CA2CEA /* CustomTemplate */ = {
			isa = PBXGroup;
			children = (
				AA75B403123CD3AE00585F54 /* cocos2d-ios.xcodeproj */,
				AA31344E1233E7E30098711E /* Resources */,
				AA3132221233DD610098711E /* src */,
				080E96DDFE201D6D7F000001 /* Classes */,
				29B97315FDCFA39411CA2CEA /* Other Sources */,
				29B97323FDCFA39411CA2CEA /* Frameworks */,
				19C28FACFE9D520D11CA2CBB /* Products */,
			);
			name = CustomTemplate;
			sourceTree = "<group>";
		};
		29B97315FDCFA39411CA2CEA /* Other Sources */ = {
			isa = PBXGroup;
			children = (
				32CA4F630368D1EE00C91783 /* MaturaApp_Prefix.pch */,
				29B97316FDCFA39411CA2CEA /* main.m */,
			);
			name = "Other Sources";
			sourceTree = "<group>";
		};
		29B97323FDCFA39411CA2CEA /* Frameworks */ = {
			isa = PBXGroup;
			children = (
				28FD15070DC6FC5B0079059D /* QuartzCore.framework */,
				28FD14FF0DC6FC520079059D /* OpenGLES.framework */,
				1DF5F4DF0D08C38300B7A737 /* UIKit.framework */,
				1D30AB110D05D00D00671497 /* Foundation.framework */,
				AA31319F1233DB440098711E /* AudioToolbox.framework */,
				AA3131A11233DB440098711E /* AVFoundation.framework */,
				AA3131A31233DB440098711E /* CoreGraphics.framework */,
				AA3131A51233DB440098711E /* OpenAL.framework */,
				AA3131A71233DB440098711E /* libz.dylib */,
			);
			name = Frameworks;
			sourceTree = "<group>";
		};
		AA3132221233DD610098711E /* src */ = {
			isa = PBXGroup;
			children = (
				AA3132231233DD610098711E /* cpCCNode.h */,
				AA3132241233DD610098711E /* cpCCNode.m */,
				AA3132251233DD610098711E /* cpCCNodeImpl.h */,
				AA3132261233DD610098711E /* cpCCNodeImpl.m */,
				AA3132271233DD610098711E /* cpCCSprite.h */,
				AA3132281233DD610098711E /* cpCCSprite.m */,
				AA3132291233DD610098711E /* cpConstraintNode.h */,
				AA31322A1233DD610098711E /* cpConstraintNode.m */,
				AA31322B1233DD610098711E /* cpShapeNode.h */,
				AA31322C1233DD610098711E /* cpShapeNode.m */,
				AA31322D1233DD610098711E /* cpSpaceSerializer */,
				AA3132381233DD610098711E /* SpaceManager.h */,
				AA3132391233DD610098711E /* SpaceManager.mm */,
			);
			path = src;
			sourceTree = "<group>";
		};
		AA31322D1233DD610098711E /* cpSpaceSerializer */ = {
			isa = PBXGroup;
			children = (
				AA31322E1233DD610098711E /* cpSpaceSerializer.cpp */,
				AA31322F1233DD610098711E /* cpSpaceSerializer.h */,
				AA3132301233DD610098711E /* tinyxml */,
			);
			path = cpSpaceSerializer;
			sourceTree = "<group>";
		};
		AA3132301233DD610098711E /* tinyxml */ = {
			isa = PBXGroup;
			children = (
				AA3132311233DD610098711E /* docs */,
				AA3132321233DD610098711E /* tinystr.cpp */,
				AA3132331233DD610098711E /* tinystr.h */,
				AA3132341233DD610098711E /* tinyxml.cpp */,
				AA3132351233DD610098711E /* tinyxml.h */,
				AA3132361233DD610098711E /* tinyxmlerror.cpp */,
				AA3132371233DD610098711E /* tinyxmlparser.cpp */,
			);
			path = tinyxml;
			sourceTree = "<group>";
		};
		AA3132311233DD610098711E /* docs */ = {
			isa = PBXGroup;
			children = (
			);
			path = docs;
			sourceTree = "<group>";
		};
		AA31344E1233E7E30098711E /* Resources */ = {
			isa = PBXGroup;
			children = (
				AAD58861128B442A00607376 /* Levels */,
				AA8CC1B9125BA17B008A851C /* Sprites */,
				AA8CBD37125A002D008A851C /* Fonts */,
				AA8CBC8C1259F113008A851C /* Menu */,
				AA8CC302125BBE41008A851C /* Stuff */,
			);
			path = Resources;
			sourceTree = "<group>";
		};
		AA75B53B123CD3C700585F54 /* Products */ = {
			isa = PBXGroup;
			children = (
				AA75B57F123CD3C700585F54 /* libbuild all tests.a */,
				AA75B581123CD3C700585F54 /* libbox2d.a */,
				AA75B583123CD3C700585F54 /* libChipmunk.a */,
				AA75B585123CD3C700585F54 /* libcocos2d.a */,
				AA75B587123CD3C700585F54 /* libcocos2d-documentation.a */,
				AA75B589123CD3C700585F54 /* libCocosDenshion.a */,
				AA75B58B123CD3C700585F54 /* libcocos Live.a */,
				AA75B58D123CD3C700585F54 /* libFontLabel.a */,
				AA75B58F123CD3C700585F54 /* liblibpng.a */,
				AA75B591123CD3C700585F54 /* libTouchJSON.a */,
				AA75B593123CD3C700585F54 /* libvorbis.a */,
				AA75B595123CD3C700585F54 /* ActionManagerTest.app */,
				AA75B597123CD3C700585F54 /* ActionsTest.app */,
				AA75B599123CD3C700585F54 /* ActionsWithBlocksSample.app */,
				AA75B59B123CD3C700585F54 /* AttachTest.app */,
				AA75B59D123CD3C700585F54 /* Box2dAccelTouchTest.app */,
				AA75B59F123CD3C700585F54 /* Box2dTestBed.app */,
				AA75B5A1123CD3C700585F54 /* ChipmunkAccelTouchTest.app */,
				AA75B5A3123CD3C700585F54 /* ChipmunkTest.app */,
				AA75B5A5123CD3C700585F54 /* ClickAndMoveTest.app */,
				AA75B5A7123CD3C700585F54 /* CocosDenshion - Tom The Turret.app */,
				AA75B5A9123CD3C700585F54 /* CocosDenshion - Drum Pad.app */,
				AA75B5AB123CD3C700585F54 /* CocosDenshion - Fade To Grey.app */,
				AA75B5AD123CD3C700585F54 /* CocosDenshion - FancyRat Metering Demo.app */,
				AA75B5AF123CD3C700585F54 /* cocosLiveTest.app */,
				AA75B5B1123CD3C700585F54 /* cocosnodeTest.app */,
				AA75B5B3123CD3C700585F54 /* drawPrimitivesTest.app */,
				AA75B5B5123CD3C700585F54 /* EAGLViewTest.app */,
				AA75B5B7123CD3C700585F54 /* EaseActionsTest.app */,
				AA75B5B9123CD3C700585F54 /* EffectsTest.app */,
				AA75B5BB123CD3C700585F54 /* EffectsAdvancedTest.app */,
				AA75B5BD123CD3C700585F54 /* FontTest.app */,
				AA75B5BF123CD3C700585F54 /* IntervalTest.app */,
				AA75B5C1123CD3C700585F54 /* HiResTest.app */,
				AA75B5C3123CD3C700585F54 /* LabelTest.app */,
				AA75B5C5123CD3C700585F54 /* LayerTest.app */,
				AA75B5C7123CD3C700585F54 /* MenuTest.app */,
				AA75B5C9123CD3C700585F54 /* MenuTestWithBlocks.app */,
				AA75B5CB123CD3C700585F54 /* MotionStreakTest.app */,
				AA75B5CD123CD3C700585F54 /* ParallaxTest.app */,
				AA75B5CF123CD3C700585F54 /* ParticleTest.app */,
				AA75B5D1123CD3C700585F54 /* SoundEngineTest.app */,
				AA75B5D3123CD3C700585F54 /* PerformanceTestChildrenNode.app */,
				AA75B5D5123CD3C700585F54 /* PerformanceTestParticles.app */,
				AA75B5D7123CD3C700585F54 /* PerformanceTestSprites.app */,
				AA75B5D9123CD3C700585F54 /* PerformanceTestTouches.app */,
				AA75B5DB123CD3C700585F54 /* ProgressActionsTest.app */,
				AA75B5DD123CD3C700585F54 /* RenderTextureTest.app */,
				AA75B5DF123CD3C700585F54 /* RotateWorldTest.app */,
				AA75B5E1123CD3C700585F54 /* SceneTest.app */,
				AA75B5E3123CD3C700585F54 /* SchedulerTest.app */,
				AA75B5E5123CD3C700585F54 /* SpriteTest.app */,
				AA75B5E7123CD3C700585F54 /* Texture2dTest.app */,
				AA75B5E9123CD3C700585F54 /* TileMapTest.app */,
				AA75B5EB123CD3C700585F54 /* TouchesTest.app */,
				AA75B5ED123CD3C700585F54 /* TransitionsTest.app */,
				AA75B5EF123CD3C700585F54 /* ZwoptexTest.app */,
				AA75B5F1123CD3C700585F54 /* HelloWorldSample.app */,
				AA75B5F3123CD3C700585F54 /* HelloActionsSample.app */,
				AA75B5F5123CD3C700585F54 /* HelloEventsSample.app */,
				AA75B5F7123CD3C700585F54 /* Bug350.app */,
				AA75B5F9123CD3C700585F54 /* Bug422.app */,
				AA75B5FB123CD3C700585F54 /* Bug886.app */,
				AA75B5FD123CD3C700585F54 /* Bug899.app */,
				AA75B5FF123CD3C700585F54 /* Bug914.app */,
			);
			name = Products;
			sourceTree = "<group>";
		};
		AA8CBC8C1259F113008A851C /* Menu */ = {
			isa = PBXGroup;
			children = (
				AAB4B6751289641B00471976 /* LevelButtons */,
				AAB4B6731289641200471976 /* LargeSprites */,
				AA71803A126DEBF900B125E6 /* BG */,
				AA71803B126DEBF900B125E6 /* Buttons */,
				AA71803C126DEBFA00B125E6 /* Titles */,
			);
			name = Menu;
			sourceTree = "<group>";
		};
		AA8CBD37125A002D008A851C /* Fonts */ = {
			isa = PBXGroup;
			children = (
				AAA49AAF1286B335001DC13F /* diavlo-hd.fnt */,
				AAA49AB01286B335001DC13F /* diavlo-hd.png */,
				AAA49AB11286B335001DC13F /* diavlo.fnt */,
				AAA49AB21286B335001DC13F /* diavlo.png */,
				AA718032126DEBD900B125E6 /* bebas-hd.fnt */,
				AA718033126DEBD900B125E6 /* bebas-hd.png */,
				AA718034126DEBD900B125E6 /* bebas.fnt */,
				AA718035126DEBD900B125E6 /* bebas.png */,
			);
			name = Fonts;
			sourceTree = "<group>";
		};
		AA8CBDF0125A05D7008A851C /* Scenes */ = {
			isa = PBXGroup;
			children = (
				AAA33C791262472400234F5B /* Menu */,
				AAB4B8E2128ADA3700471976 /* Game */,
			);
			name = Scenes;
			sourceTree = "<group>";
		};
		AA8CBDF1125A05EA008A851C /* Data */ = {
			isa = PBXGroup;
			children = (
				AA1BAD5E1236BC8A00F37390 /* GameData.h */,
				AA1BAD5F1236BC8A00F37390 /* GameData.m */,
				AA76B8901246A7AA006ED952 /* LevelParser.h */,
				AA76B8911246A7AA006ED952 /* LevelParser.m */,
				AAB4B744128A812D00471976 /* UserData.h */,
				AAB4B745128A812D00471976 /* UserData.m */,
			);
			name = Data;
			sourceTree = "<group>";
		};
		AA8CC1B9125BA17B008A851C /* Sprites */ = {
			isa = PBXGroup;
			children = (
				AA0ECD951291C3E900616FAA /* Enemy */,
				AA0ECD8E1291C30200616FAA /* Hero */,
				AA718042126DED1700B125E6 /* Shrink */,
				AA3134511233E8110098711E /* blank.png */,
				AA8CC0B4125A7064008A851C /* pausedScreen-hd.png */,
				AA8CC0B5125A7064008A851C /* pausedScreen.png */,
			);
			name = Sprites;
			sourceTree = "<group>";
		};
		AA8CC302125BBE41008A851C /* Stuff */ = {
			isa = PBXGroup;
			children = (
				AAE6D8B01274A35000690D9C /* scrollMask-hd.png */,
				AAE6D8B11274A35000690D9C /* scrollMask.png */,
				AA71828B12704BEB00B125E6 /* gamePaused-hd.png */,
				AA71828C12704BEB00B125E6 /* gamePaused.png */,
				AA7178A21262FF9F00B125E6 /* Icon@2x.png */,
				AA71820E126F84E100B125E6 /* Default.png */,
				AA71820F126F84E100B125E6 /* Default@2x.png */,
				AA31346A1233E8850098711E /* fps_images.png */,
				AA31346B1233E8850098711E /* Icon.png */,
				AA31346C1233E8850098711E /* Info.plist */,
			);
			name = Stuff;
			sourceTree = "<group>";
		};
		AAA33C791262472400234F5B /* Menu */ = {
			isa = PBXGroup;
			children = (
				AAF4EC9E127F4394001F5522 /* ScrollView.h */,
				AAF4EC9F127F4394001F5522 /* ScrollView.m */,
				AAA33C76126246AD00234F5B /* Help.h */,
				AAA33C77126246AD00234F5B /* Help.m */,
				AAA33C711262466F00234F5B /* About.h */,
				AAA33C721262466F00234F5B /* About.m */,
				AAA33C6C126245EB00234F5B /* Settings.h */,
				AAA33C6D126245EB00234F5B /* Settings.m */,
				AA31319C1233DABE0098711E /* HelloWorldScene.h */,
				AA31319D1233DABE0098711E /* HelloWorldScene.m */,
				AA8CBDED125A05BB008A851C /* WorldChoice.h */,
				AA8CBDEE125A05BB008A851C /* WorldChoice.m */,
				AAA4998F128582DA001DC13F /* LevelChoice.h */,
				AAA49990128582DA001DC13F /* LevelChoice.m */,
				AAA33C671262456A00234F5B /* Scores.h */,
				AAA33C681262456A00234F5B /* Scores.m */,
			);
			name = Menu;
			sourceTree = "<group>";
		};
		AAB4B8E2128ADA3700471976 /* Game */ = {
			isa = PBXGroup;
			children = (
				AA31326E1233DEA10098711E /* GameScene.h */,
				AA31326F1233DEA10098711E /* GameScene.m */,
				AAC0EC96125E18CC00BD9C3D /* Countdown.h */,
				AAC0EC97125E18CC00BD9C3D /* Countdown.m */,
				AA7179521265D21000B125E6 /* GameOver.h */,
				AA7179531265D21000B125E6 /* GameOver.m */,
			);
			name = Game;
			sourceTree = "<group>";
		};
		AAC0EBC8125C9F1A00BD9C3D /* Sprites */ = {
			isa = PBXGroup;
			children = (
				AA31324D1233DD760098711E /* Sphere.h */,
				AA31324E1233DD760098711E /* Sphere.m */,
				AA31324F1233DD760098711E /* EnemySphere.h */,
				AA3132501233DD760098711E /* EnemySphere.m */,
			);
			name = Sprites;
			sourceTree = "<group>";
		};
		AAC0EBC9125C9F2300BD9C3D /* AppDelegate */ = {
			isa = PBXGroup;
			children = (
				1D3623240D0F684500981E51 /* MaturaAppAppDelegate.h */,
				1D3623250D0F684500981E51 /* MaturaAppAppDelegate.m */,
			);
			name = AppDelegate;
			sourceTree = "<group>";
		};
		AAD58861128B442A00607376 /* Levels */ = {
			isa = PBXGroup;
			children = (
				AAD5885D128B440F00607376 /* world0level1.plist */,
				AA9DDDA2128F1A02009C891C /* world0level2.plist */,
				AA9DDDA3128F1A02009C891C /* world0level3.plist */,
				AAD589C5128BFFE500607376 /* world0level4.plist */,
				AAD589C6128BFFE500607376 /* world0level5.plist */,
				AAD589C7128BFFE500607376 /* world0level6.plist */,
				AAD589C8128BFFE500607376 /* world0level7.plist */,
				AAD589C9128BFFE500607376 /* world0level8.plist */,
				AAD589CA128BFFE500607376 /* world0level9.plist */,
				AAD589D3128BFFED00607376 /* world1level1.plist */,
			);
			name = Levels;
			sourceTree = "<group>";
		};
/* End PBXGroup section */

/* Begin PBXNativeTarget section */
		1D6058900D05DD3D006BFB54 /* MaturaApp */ = {
			isa = PBXNativeTarget;
			buildConfigurationList = 1D6058960D05DD3E006BFB54 /* Build configuration list for PBXNativeTarget "MaturaApp" */;
			buildPhases = (
				1D60588D0D05DD3D006BFB54 /* Resources */,
				AA717DB91269EE9400B125E6 /* ShellScript */,
				1D60588E0D05DD3D006BFB54 /* Sources */,
				1D60588F0D05DD3D006BFB54 /* Frameworks */,
			);
			buildRules = (
			);
			dependencies = (
				AA75B601123CD3E900585F54 /* PBXTargetDependency */,
				AA75B603123CD3E900585F54 /* PBXTargetDependency */,
				AAE6D74E12731FBE00690D9C /* PBXTargetDependency */,
			);
			name = MaturaApp;
			productName = MaturaApp;
			productReference = 1D6058910D05DD3D006BFB54 /* MaturaApp.app */;
			productType = "com.apple.product-type.application";
		};
/* End PBXNativeTarget section */

/* Begin PBXProject section */
		29B97313FDCFA39411CA2CEA /* Project object */ = {
			isa = PBXProject;
			buildConfigurationList = C01FCF4E08A954540054247B /* Build configuration list for PBXProject "MaturaApp" */;
			compatibilityVersion = "Xcode 3.1";
			developmentRegion = English;
			hasScannedForEncodings = 1;
			knownRegions = (
				English,
				Japanese,
				French,
				German,
			);
			mainGroup = 29B97314FDCFA39411CA2CEA /* CustomTemplate */;
			projectDirPath = "";
			projectReferences = (
				{
					ProductGroup = AA75B53B123CD3C700585F54 /* Products */;
					ProjectRef = AA75B403123CD3AE00585F54 /* cocos2d-ios.xcodeproj */;
				},
			);
			projectRoot = "";
			targets = (
				1D6058900D05DD3D006BFB54 /* MaturaApp */,
			);
		};
/* End PBXProject section */

/* Begin PBXReferenceProxy section */
		AA75B57F123CD3C700585F54 /* libbuild all tests.a */ = {
			isa = PBXReferenceProxy;
			fileType = archive.ar;
			path = "libbuild all tests.a";
			remoteRef = AA75B57E123CD3C700585F54 /* PBXContainerItemProxy */;
			sourceTree = BUILT_PRODUCTS_DIR;
		};
		AA75B581123CD3C700585F54 /* libbox2d.a */ = {
			isa = PBXReferenceProxy;
			fileType = archive.ar;
			path = libbox2d.a;
			remoteRef = AA75B580123CD3C700585F54 /* PBXContainerItemProxy */;
			sourceTree = BUILT_PRODUCTS_DIR;
		};
		AA75B583123CD3C700585F54 /* libChipmunk.a */ = {
			isa = PBXReferenceProxy;
			fileType = archive.ar;
			path = libChipmunk.a;
			remoteRef = AA75B582123CD3C700585F54 /* PBXContainerItemProxy */;
			sourceTree = BUILT_PRODUCTS_DIR;
		};
		AA75B585123CD3C700585F54 /* libcocos2d.a */ = {
			isa = PBXReferenceProxy;
			fileType = archive.ar;
			path = libcocos2d.a;
			remoteRef = AA75B584123CD3C700585F54 /* PBXContainerItemProxy */;
			sourceTree = BUILT_PRODUCTS_DIR;
		};
		AA75B587123CD3C700585F54 /* libcocos2d-documentation.a */ = {
			isa = PBXReferenceProxy;
			fileType = archive.ar;
			path = "libcocos2d-documentation.a";
			remoteRef = AA75B586123CD3C700585F54 /* PBXContainerItemProxy */;
			sourceTree = BUILT_PRODUCTS_DIR;
		};
		AA75B589123CD3C700585F54 /* libCocosDenshion.a */ = {
			isa = PBXReferenceProxy;
			fileType = archive.ar;
			path = libCocosDenshion.a;
			remoteRef = AA75B588123CD3C700585F54 /* PBXContainerItemProxy */;
			sourceTree = BUILT_PRODUCTS_DIR;
		};
		AA75B58B123CD3C700585F54 /* libcocos Live.a */ = {
			isa = PBXReferenceProxy;
			fileType = archive.ar;
			path = "libcocos Live.a";
			remoteRef = AA75B58A123CD3C700585F54 /* PBXContainerItemProxy */;
			sourceTree = BUILT_PRODUCTS_DIR;
		};
		AA75B58D123CD3C700585F54 /* libFontLabel.a */ = {
			isa = PBXReferenceProxy;
			fileType = archive.ar;
			path = libFontLabel.a;
			remoteRef = AA75B58C123CD3C700585F54 /* PBXContainerItemProxy */;
			sourceTree = BUILT_PRODUCTS_DIR;
		};
		AA75B58F123CD3C700585F54 /* liblibpng.a */ = {
			isa = PBXReferenceProxy;
			fileType = archive.ar;
			path = liblibpng.a;
			remoteRef = AA75B58E123CD3C700585F54 /* PBXContainerItemProxy */;
			sourceTree = BUILT_PRODUCTS_DIR;
		};
		AA75B591123CD3C700585F54 /* libTouchJSON.a */ = {
			isa = PBXReferenceProxy;
			fileType = archive.ar;
			path = libTouchJSON.a;
			remoteRef = AA75B590123CD3C700585F54 /* PBXContainerItemProxy */;
			sourceTree = BUILT_PRODUCTS_DIR;
		};
		AA75B593123CD3C700585F54 /* libvorbis.a */ = {
			isa = PBXReferenceProxy;
			fileType = archive.ar;
			path = libvorbis.a;
			remoteRef = AA75B592123CD3C700585F54 /* PBXContainerItemProxy */;
			sourceTree = BUILT_PRODUCTS_DIR;
		};
		AA75B595123CD3C700585F54 /* ActionManagerTest.app */ = {
			isa = PBXReferenceProxy;
			fileType = wrapper.application;
			path = ActionManagerTest.app;
			remoteRef = AA75B594123CD3C700585F54 /* PBXContainerItemProxy */;
			sourceTree = BUILT_PRODUCTS_DIR;
		};
		AA75B597123CD3C700585F54 /* ActionsTest.app */ = {
			isa = PBXReferenceProxy;
			fileType = wrapper.application;
			path = ActionsTest.app;
			remoteRef = AA75B596123CD3C700585F54 /* PBXContainerItemProxy */;
			sourceTree = BUILT_PRODUCTS_DIR;
		};
		AA75B599123CD3C700585F54 /* ActionsWithBlocksSample.app */ = {
			isa = PBXReferenceProxy;
			fileType = wrapper.application;
			path = ActionsWithBlocksSample.app;
			remoteRef = AA75B598123CD3C700585F54 /* PBXContainerItemProxy */;
			sourceTree = BUILT_PRODUCTS_DIR;
		};
		AA75B59B123CD3C700585F54 /* AttachTest.app */ = {
			isa = PBXReferenceProxy;
			fileType = wrapper.application;
			path = AttachTest.app;
			remoteRef = AA75B59A123CD3C700585F54 /* PBXContainerItemProxy */;
			sourceTree = BUILT_PRODUCTS_DIR;
		};
		AA75B59D123CD3C700585F54 /* Box2dAccelTouchTest.app */ = {
			isa = PBXReferenceProxy;
			fileType = wrapper.application;
			path = Box2dAccelTouchTest.app;
			remoteRef = AA75B59C123CD3C700585F54 /* PBXContainerItemProxy */;
			sourceTree = BUILT_PRODUCTS_DIR;
		};
		AA75B59F123CD3C700585F54 /* Box2dTestBed.app */ = {
			isa = PBXReferenceProxy;
			fileType = wrapper.application;
			path = Box2dTestBed.app;
			remoteRef = AA75B59E123CD3C700585F54 /* PBXContainerItemProxy */;
			sourceTree = BUILT_PRODUCTS_DIR;
		};
		AA75B5A1123CD3C700585F54 /* ChipmunkAccelTouchTest.app */ = {
			isa = PBXReferenceProxy;
			fileType = wrapper.application;
			path = ChipmunkAccelTouchTest.app;
			remoteRef = AA75B5A0123CD3C700585F54 /* PBXContainerItemProxy */;
			sourceTree = BUILT_PRODUCTS_DIR;
		};
		AA75B5A3123CD3C700585F54 /* ChipmunkTest.app */ = {
			isa = PBXReferenceProxy;
			fileType = wrapper.application;
			path = ChipmunkTest.app;
			remoteRef = AA75B5A2123CD3C700585F54 /* PBXContainerItemProxy */;
			sourceTree = BUILT_PRODUCTS_DIR;
		};
		AA75B5A5123CD3C700585F54 /* ClickAndMoveTest.app */ = {
			isa = PBXReferenceProxy;
			fileType = wrapper.application;
			path = ClickAndMoveTest.app;
			remoteRef = AA75B5A4123CD3C700585F54 /* PBXContainerItemProxy */;
			sourceTree = BUILT_PRODUCTS_DIR;
		};
		AA75B5A7123CD3C700585F54 /* CocosDenshion - Tom The Turret.app */ = {
			isa = PBXReferenceProxy;
			fileType = wrapper.application;
			path = "CocosDenshion - Tom The Turret.app";
			remoteRef = AA75B5A6123CD3C700585F54 /* PBXContainerItemProxy */;
			sourceTree = BUILT_PRODUCTS_DIR;
		};
		AA75B5A9123CD3C700585F54 /* CocosDenshion - Drum Pad.app */ = {
			isa = PBXReferenceProxy;
			fileType = wrapper.application;
			path = "CocosDenshion - Drum Pad.app";
			remoteRef = AA75B5A8123CD3C700585F54 /* PBXContainerItemProxy */;
			sourceTree = BUILT_PRODUCTS_DIR;
		};
		AA75B5AB123CD3C700585F54 /* CocosDenshion - Fade To Grey.app */ = {
			isa = PBXReferenceProxy;
			fileType = wrapper.application;
			path = "CocosDenshion - Fade To Grey.app";
			remoteRef = AA75B5AA123CD3C700585F54 /* PBXContainerItemProxy */;
			sourceTree = BUILT_PRODUCTS_DIR;
		};
		AA75B5AD123CD3C700585F54 /* CocosDenshion - FancyRat Metering Demo.app */ = {
			isa = PBXReferenceProxy;
			fileType = wrapper.application;
			path = "CocosDenshion - FancyRat Metering Demo.app";
			remoteRef = AA75B5AC123CD3C700585F54 /* PBXContainerItemProxy */;
			sourceTree = BUILT_PRODUCTS_DIR;
		};
		AA75B5AF123CD3C700585F54 /* cocosLiveTest.app */ = {
			isa = PBXReferenceProxy;
			fileType = wrapper.application;
			path = cocosLiveTest.app;
			remoteRef = AA75B5AE123CD3C700585F54 /* PBXContainerItemProxy */;
			sourceTree = BUILT_PRODUCTS_DIR;
		};
		AA75B5B1123CD3C700585F54 /* cocosnodeTest.app */ = {
			isa = PBXReferenceProxy;
			fileType = wrapper.application;
			path = cocosnodeTest.app;
			remoteRef = AA75B5B0123CD3C700585F54 /* PBXContainerItemProxy */;
			sourceTree = BUILT_PRODUCTS_DIR;
		};
		AA75B5B3123CD3C700585F54 /* drawPrimitivesTest.app */ = {
			isa = PBXReferenceProxy;
			fileType = wrapper.application;
			path = drawPrimitivesTest.app;
			remoteRef = AA75B5B2123CD3C700585F54 /* PBXContainerItemProxy */;
			sourceTree = BUILT_PRODUCTS_DIR;
		};
		AA75B5B5123CD3C700585F54 /* EAGLViewTest.app */ = {
			isa = PBXReferenceProxy;
			fileType = wrapper.application;
			path = EAGLViewTest.app;
			remoteRef = AA75B5B4123CD3C700585F54 /* PBXContainerItemProxy */;
			sourceTree = BUILT_PRODUCTS_DIR;
		};
		AA75B5B7123CD3C700585F54 /* EaseActionsTest.app */ = {
			isa = PBXReferenceProxy;
			fileType = wrapper.application;
			path = EaseActionsTest.app;
			remoteRef = AA75B5B6123CD3C700585F54 /* PBXContainerItemProxy */;
			sourceTree = BUILT_PRODUCTS_DIR;
		};
		AA75B5B9123CD3C700585F54 /* EffectsTest.app */ = {
			isa = PBXReferenceProxy;
			fileType = wrapper.application;
			path = EffectsTest.app;
			remoteRef = AA75B5B8123CD3C700585F54 /* PBXContainerItemProxy */;
			sourceTree = BUILT_PRODUCTS_DIR;
		};
		AA75B5BB123CD3C700585F54 /* EffectsAdvancedTest.app */ = {
			isa = PBXReferenceProxy;
			fileType = wrapper.application;
			path = EffectsAdvancedTest.app;
			remoteRef = AA75B5BA123CD3C700585F54 /* PBXContainerItemProxy */;
			sourceTree = BUILT_PRODUCTS_DIR;
		};
		AA75B5BD123CD3C700585F54 /* FontTest.app */ = {
			isa = PBXReferenceProxy;
			fileType = wrapper.application;
			path = FontTest.app;
			remoteRef = AA75B5BC123CD3C700585F54 /* PBXContainerItemProxy */;
			sourceTree = BUILT_PRODUCTS_DIR;
		};
		AA75B5BF123CD3C700585F54 /* IntervalTest.app */ = {
			isa = PBXReferenceProxy;
			fileType = wrapper.application;
			path = IntervalTest.app;
			remoteRef = AA75B5BE123CD3C700585F54 /* PBXContainerItemProxy */;
			sourceTree = BUILT_PRODUCTS_DIR;
		};
		AA75B5C1123CD3C700585F54 /* HiResTest.app */ = {
			isa = PBXReferenceProxy;
			fileType = wrapper.application;
			path = HiResTest.app;
			remoteRef = AA75B5C0123CD3C700585F54 /* PBXContainerItemProxy */;
			sourceTree = BUILT_PRODUCTS_DIR;
		};
		AA75B5C3123CD3C700585F54 /* LabelTest.app */ = {
			isa = PBXReferenceProxy;
			fileType = wrapper.application;
			path = LabelTest.app;
			remoteRef = AA75B5C2123CD3C700585F54 /* PBXContainerItemProxy */;
			sourceTree = BUILT_PRODUCTS_DIR;
		};
		AA75B5C5123CD3C700585F54 /* LayerTest.app */ = {
			isa = PBXReferenceProxy;
			fileType = wrapper.application;
			path = LayerTest.app;
			remoteRef = AA75B5C4123CD3C700585F54 /* PBXContainerItemProxy */;
			sourceTree = BUILT_PRODUCTS_DIR;
		};
		AA75B5C7123CD3C700585F54 /* MenuTest.app */ = {
			isa = PBXReferenceProxy;
			fileType = wrapper.application;
			path = MenuTest.app;
			remoteRef = AA75B5C6123CD3C700585F54 /* PBXContainerItemProxy */;
			sourceTree = BUILT_PRODUCTS_DIR;
		};
		AA75B5C9123CD3C700585F54 /* MenuTestWithBlocks.app */ = {
			isa = PBXReferenceProxy;
			fileType = wrapper.application;
			path = MenuTestWithBlocks.app;
			remoteRef = AA75B5C8123CD3C700585F54 /* PBXContainerItemProxy */;
			sourceTree = BUILT_PRODUCTS_DIR;
		};
		AA75B5CB123CD3C700585F54 /* MotionStreakTest.app */ = {
			isa = PBXReferenceProxy;
			fileType = wrapper.application;
			path = MotionStreakTest.app;
			remoteRef = AA75B5CA123CD3C700585F54 /* PBXContainerItemProxy */;
			sourceTree = BUILT_PRODUCTS_DIR;
		};
		AA75B5CD123CD3C700585F54 /* ParallaxTest.app */ = {
			isa = PBXReferenceProxy;
			fileType = wrapper.application;
			path = ParallaxTest.app;
			remoteRef = AA75B5CC123CD3C700585F54 /* PBXContainerItemProxy */;
			sourceTree = BUILT_PRODUCTS_DIR;
		};
		AA75B5CF123CD3C700585F54 /* ParticleTest.app */ = {
			isa = PBXReferenceProxy;
			fileType = wrapper.application;
			path = ParticleTest.app;
			remoteRef = AA75B5CE123CD3C700585F54 /* PBXContainerItemProxy */;
			sourceTree = BUILT_PRODUCTS_DIR;
		};
		AA75B5D1123CD3C700585F54 /* SoundEngineTest.app */ = {
			isa = PBXReferenceProxy;
			fileType = wrapper.application;
			path = SoundEngineTest.app;
			remoteRef = AA75B5D0123CD3C700585F54 /* PBXContainerItemProxy */;
			sourceTree = BUILT_PRODUCTS_DIR;
		};
		AA75B5D3123CD3C700585F54 /* PerformanceTestChildrenNode.app */ = {
			isa = PBXReferenceProxy;
			fileType = wrapper.application;
			path = PerformanceTestChildrenNode.app;
			remoteRef = AA75B5D2123CD3C700585F54 /* PBXContainerItemProxy */;
			sourceTree = BUILT_PRODUCTS_DIR;
		};
		AA75B5D5123CD3C700585F54 /* PerformanceTestParticles.app */ = {
			isa = PBXReferenceProxy;
			fileType = wrapper.application;
			path = PerformanceTestParticles.app;
			remoteRef = AA75B5D4123CD3C700585F54 /* PBXContainerItemProxy */;
			sourceTree = BUILT_PRODUCTS_DIR;
		};
		AA75B5D7123CD3C700585F54 /* PerformanceTestSprites.app */ = {
			isa = PBXReferenceProxy;
			fileType = wrapper.application;
			path = PerformanceTestSprites.app;
			remoteRef = AA75B5D6123CD3C700585F54 /* PBXContainerItemProxy */;
			sourceTree = BUILT_PRODUCTS_DIR;
		};
		AA75B5D9123CD3C700585F54 /* PerformanceTestTouches.app */ = {
			isa = PBXReferenceProxy;
			fileType = wrapper.application;
			path = PerformanceTestTouches.app;
			remoteRef = AA75B5D8123CD3C700585F54 /* PBXContainerItemProxy */;
			sourceTree = BUILT_PRODUCTS_DIR;
		};
		AA75B5DB123CD3C700585F54 /* ProgressActionsTest.app */ = {
			isa = PBXReferenceProxy;
			fileType = wrapper.application;
			path = ProgressActionsTest.app;
			remoteRef = AA75B5DA123CD3C700585F54 /* PBXContainerItemProxy */;
			sourceTree = BUILT_PRODUCTS_DIR;
		};
		AA75B5DD123CD3C700585F54 /* RenderTextureTest.app */ = {
			isa = PBXReferenceProxy;
			fileType = wrapper.application;
			path = RenderTextureTest.app;
			remoteRef = AA75B5DC123CD3C700585F54 /* PBXContainerItemProxy */;
			sourceTree = BUILT_PRODUCTS_DIR;
		};
		AA75B5DF123CD3C700585F54 /* RotateWorldTest.app */ = {
			isa = PBXReferenceProxy;
			fileType = wrapper.application;
			path = RotateWorldTest.app;
			remoteRef = AA75B5DE123CD3C700585F54 /* PBXContainerItemProxy */;
			sourceTree = BUILT_PRODUCTS_DIR;
		};
		AA75B5E1123CD3C700585F54 /* SceneTest.app */ = {
			isa = PBXReferenceProxy;
			fileType = wrapper.application;
			path = SceneTest.app;
			remoteRef = AA75B5E0123CD3C700585F54 /* PBXContainerItemProxy */;
			sourceTree = BUILT_PRODUCTS_DIR;
		};
		AA75B5E3123CD3C700585F54 /* SchedulerTest.app */ = {
			isa = PBXReferenceProxy;
			fileType = wrapper.application;
			path = SchedulerTest.app;
			remoteRef = AA75B5E2123CD3C700585F54 /* PBXContainerItemProxy */;
			sourceTree = BUILT_PRODUCTS_DIR;
		};
		AA75B5E5123CD3C700585F54 /* SpriteTest.app */ = {
			isa = PBXReferenceProxy;
			fileType = wrapper.application;
			path = SpriteTest.app;
			remoteRef = AA75B5E4123CD3C700585F54 /* PBXContainerItemProxy */;
			sourceTree = BUILT_PRODUCTS_DIR;
		};
		AA75B5E7123CD3C700585F54 /* Texture2dTest.app */ = {
			isa = PBXReferenceProxy;
			fileType = wrapper.application;
			path = Texture2dTest.app;
			remoteRef = AA75B5E6123CD3C700585F54 /* PBXContainerItemProxy */;
			sourceTree = BUILT_PRODUCTS_DIR;
		};
		AA75B5E9123CD3C700585F54 /* TileMapTest.app */ = {
			isa = PBXReferenceProxy;
			fileType = wrapper.application;
			path = TileMapTest.app;
			remoteRef = AA75B5E8123CD3C700585F54 /* PBXContainerItemProxy */;
			sourceTree = BUILT_PRODUCTS_DIR;
		};
		AA75B5EB123CD3C700585F54 /* TouchesTest.app */ = {
			isa = PBXReferenceProxy;
			fileType = wrapper.application;
			path = TouchesTest.app;
			remoteRef = AA75B5EA123CD3C700585F54 /* PBXContainerItemProxy */;
			sourceTree = BUILT_PRODUCTS_DIR;
		};
		AA75B5ED123CD3C700585F54 /* TransitionsTest.app */ = {
			isa = PBXReferenceProxy;
			fileType = wrapper.application;
			path = TransitionsTest.app;
			remoteRef = AA75B5EC123CD3C700585F54 /* PBXContainerItemProxy */;
			sourceTree = BUILT_PRODUCTS_DIR;
		};
		AA75B5EF123CD3C700585F54 /* ZwoptexTest.app */ = {
			isa = PBXReferenceProxy;
			fileType = wrapper.application;
			path = ZwoptexTest.app;
			remoteRef = AA75B5EE123CD3C700585F54 /* PBXContainerItemProxy */;
			sourceTree = BUILT_PRODUCTS_DIR;
		};
		AA75B5F1123CD3C700585F54 /* HelloWorldSample.app */ = {
			isa = PBXReferenceProxy;
			fileType = wrapper.application;
			path = HelloWorldSample.app;
			remoteRef = AA75B5F0123CD3C700585F54 /* PBXContainerItemProxy */;
			sourceTree = BUILT_PRODUCTS_DIR;
		};
		AA75B5F3123CD3C700585F54 /* HelloActionsSample.app */ = {
			isa = PBXReferenceProxy;
			fileType = wrapper.application;
			path = HelloActionsSample.app;
			remoteRef = AA75B5F2123CD3C700585F54 /* PBXContainerItemProxy */;
			sourceTree = BUILT_PRODUCTS_DIR;
		};
		AA75B5F5123CD3C700585F54 /* HelloEventsSample.app */ = {
			isa = PBXReferenceProxy;
			fileType = wrapper.application;
			path = HelloEventsSample.app;
			remoteRef = AA75B5F4123CD3C700585F54 /* PBXContainerItemProxy */;
			sourceTree = BUILT_PRODUCTS_DIR;
		};
		AA75B5F7123CD3C700585F54 /* Bug350.app */ = {
			isa = PBXReferenceProxy;
			fileType = wrapper.application;
			path = Bug350.app;
			remoteRef = AA75B5F6123CD3C700585F54 /* PBXContainerItemProxy */;
			sourceTree = BUILT_PRODUCTS_DIR;
		};
		AA75B5F9123CD3C700585F54 /* Bug422.app */ = {
			isa = PBXReferenceProxy;
			fileType = wrapper.application;
			path = Bug422.app;
			remoteRef = AA75B5F8123CD3C700585F54 /* PBXContainerItemProxy */;
			sourceTree = BUILT_PRODUCTS_DIR;
		};
		AA75B5FB123CD3C700585F54 /* Bug886.app */ = {
			isa = PBXReferenceProxy;
			fileType = wrapper.application;
			path = Bug886.app;
			remoteRef = AA75B5FA123CD3C700585F54 /* PBXContainerItemProxy */;
			sourceTree = BUILT_PRODUCTS_DIR;
		};
		AA75B5FD123CD3C700585F54 /* Bug899.app */ = {
			isa = PBXReferenceProxy;
			fileType = wrapper.application;
			path = Bug899.app;
			remoteRef = AA75B5FC123CD3C700585F54 /* PBXContainerItemProxy */;
			sourceTree = BUILT_PRODUCTS_DIR;
		};
		AA75B5FF123CD3C700585F54 /* Bug914.app */ = {
			isa = PBXReferenceProxy;
			fileType = wrapper.application;
			path = Bug914.app;
			remoteRef = AA75B5FE123CD3C700585F54 /* PBXContainerItemProxy */;
			sourceTree = BUILT_PRODUCTS_DIR;
		};
/* End PBXReferenceProxy section */

/* Begin PBXResourcesBuildPhase section */
		1D60588D0D05DD3D006BFB54 /* Resources */ = {
			isa = PBXResourcesBuildPhase;
			buildActionMask = 2147483647;
			files = (
				AA31345C1233E8110098711E /* blank.png in Resources */,
				AA31346E1233E8850098711E /* fps_images.png in Resources */,
				AA31346F1233E8850098711E /* Icon.png in Resources */,
				AA8CC0B6125A7064008A851C /* pausedScreen-hd.png in Resources */,
				AA8CC0B7125A7064008A851C /* pausedScreen.png in Resources */,
				AA7178A31262FF9F00B125E6 /* Icon@2x.png in Resources */,
				AA718036126DEBD900B125E6 /* bebas-hd.fnt in Resources */,
				AA718037126DEBD900B125E6 /* bebas-hd.png in Resources */,
				AA718038126DEBD900B125E6 /* bebas.fnt in Resources */,
				AA718039126DEBD900B125E6 /* bebas.png in Resources */,
				AA71803D126DEBFA00B125E6 /* BG in Resources */,
				AA71803E126DEBFA00B125E6 /* Buttons in Resources */,
				AA71803F126DEBFA00B125E6 /* Titles in Resources */,
				AA7180AA126DED1700B125E6 /* Shrink in Resources */,
				AA718210126F84E100B125E6 /* Default.png in Resources */,
				AA718211126F84E100B125E6 /* Default@2x.png in Resources */,
				AA71828D12704BEB00B125E6 /* gamePaused-hd.png in Resources */,
				AA71828E12704BEB00B125E6 /* gamePaused.png in Resources */,
				AAE6D8B21274A35000690D9C /* scrollMask-hd.png in Resources */,
				AAE6D8B31274A35000690D9C /* scrollMask.png in Resources */,
				AAA49AB31286B335001DC13F /* diavlo-hd.fnt in Resources */,
				AAA49AB41286B335001DC13F /* diavlo-hd.png in Resources */,
				AAA49AB51286B335001DC13F /* diavlo.fnt in Resources */,
				AAA49AB61286B335001DC13F /* diavlo.png in Resources */,
				AAB4B6741289641200471976 /* LargeSprites in Resources */,
				AAB4B6761289641B00471976 /* LevelButtons in Resources */,
				AAD5885E128B440F00607376 /* world0level1.plist in Resources */,
				AAD589CD128BFFE500607376 /* world0level4.plist in Resources */,
				AAD589CE128BFFE500607376 /* world0level5.plist in Resources */,
				AAD589CF128BFFE500607376 /* world0level6.plist in Resources */,
				AAD589D0128BFFE500607376 /* world0level7.plist in Resources */,
				AAD589D1128BFFE500607376 /* world0level8.plist in Resources */,
				AAD589D2128BFFE500607376 /* world0level9.plist in Resources */,
				AAD589D4128BFFED00607376 /* world1level1.plist in Resources */,
				AA9DDDA4128F1A02009C891C /* world0level2.plist in Resources */,
				AA9DDDA5128F1A02009C891C /* world0level3.plist in Resources */,
				AA0ECD901291C30200616FAA /* Hero in Resources */,
				AA0ECDFA1291C3E900616FAA /* Enemy in Resources */,
			);
			runOnlyForDeploymentPostprocessing = 0;
		};
/* End PBXResourcesBuildPhase section */

/* Begin PBXShellScriptBuildPhase section */
		AA717DB91269EE9400B125E6 /* ShellScript */ = {
			isa = PBXShellScriptBuildPhase;
			buildActionMask = 2147483647;
			files = (
			);
			inputPaths = (
			);
			outputPaths = (
			);
			runOnlyForDeploymentPostprocessing = 0;
			shellPath = /bin/sh;
			shellScript = "touch -cm ${SRCROOT}/Resources";
		};
/* End PBXShellScriptBuildPhase section */

/* Begin PBXSourcesBuildPhase section */
		1D60588E0D05DD3D006BFB54 /* Sources */ = {
			isa = PBXSourcesBuildPhase;
			buildActionMask = 2147483647;
			files = (
				1D60589B0D05DD56006BFB54 /* main.m in Sources */,
				1D3623260D0F684500981E51 /* MaturaAppAppDelegate.m in Sources */,
				AA31319E1233DABE0098711E /* HelloWorldScene.m in Sources */,
				AA31323A1233DD610098711E /* cpCCNode.m in Sources */,
				AA31323B1233DD610098711E /* cpCCNodeImpl.m in Sources */,
				AA31323C1233DD610098711E /* cpCCSprite.m in Sources */,
				AA31323D1233DD610098711E /* cpConstraintNode.m in Sources */,
				AA31323E1233DD610098711E /* cpShapeNode.m in Sources */,
				AA31323F1233DD610098711E /* cpSpaceSerializer.cpp in Sources */,
				AA3132401233DD610098711E /* tinystr.cpp in Sources */,
				AA3132411233DD610098711E /* tinyxml.cpp in Sources */,
				AA3132421233DD610098711E /* tinyxmlerror.cpp in Sources */,
				AA3132431233DD610098711E /* tinyxmlparser.cpp in Sources */,
				AA3132441233DD610098711E /* SpaceManager.mm in Sources */,
				AA3132511233DD760098711E /* Sphere.m in Sources */,
				AA3132521233DD760098711E /* EnemySphere.m in Sources */,
				AA3132701233DEA10098711E /* GameScene.m in Sources */,
				AA1BAD601236BC8A00F37390 /* GameData.m in Sources */,
				AA76B8921246A7AA006ED952 /* LevelParser.m in Sources */,
				AA8CBDEF125A05BB008A851C /* WorldChoice.m in Sources */,
				AAC0EC98125E18CC00BD9C3D /* Countdown.m in Sources */,
				AAA33C691262456A00234F5B /* Scores.m in Sources */,
				AAA33C6E126245EB00234F5B /* Settings.m in Sources */,
				AAA33C731262466F00234F5B /* About.m in Sources */,
				AAA33C78126246AD00234F5B /* Help.m in Sources */,
				AA7179541265D21000B125E6 /* GameOver.m in Sources */,
				AAF4ECA0127F4394001F5522 /* ScrollView.m in Sources */,
				AAA49991128582DA001DC13F /* LevelChoice.m in Sources */,
				AAB4B746128A812D00471976 /* UserData.m in Sources */,
			);
			runOnlyForDeploymentPostprocessing = 0;
		};
/* End PBXSourcesBuildPhase section */

/* Begin PBXTargetDependency section */
		AA75B601123CD3E900585F54 /* PBXTargetDependency */ = {
			isa = PBXTargetDependency;
			name = Chipmunk;
			targetProxy = AA75B600123CD3E900585F54 /* PBXContainerItemProxy */;
		};
		AA75B603123CD3E900585F54 /* PBXTargetDependency */ = {
			isa = PBXTargetDependency;
			name = cocos2d;
			targetProxy = AA75B602123CD3E900585F54 /* PBXContainerItemProxy */;
		};
		AAE6D74E12731FBE00690D9C /* PBXTargetDependency */ = {
			isa = PBXTargetDependency;
			name = CocosDenshion;
			targetProxy = AAE6D74D12731FBE00690D9C /* PBXContainerItemProxy */;
		};
/* End PBXTargetDependency section */

/* Begin XCBuildConfiguration section */
		1D6058940D05DD3E006BFB54 /* Debug */ = {
			isa = XCBuildConfiguration;
			buildSettings = {
				ALWAYS_SEARCH_USER_PATHS = NO;
				COPY_PHASE_STRIP = NO;
				GCC_DYNAMIC_NO_PIC = NO;
				GCC_OPTIMIZATION_LEVEL = 0;
				GCC_PRECOMPILE_PREFIX_HEADER = YES;
				GCC_PREFIX_HEADER = MaturaApp_Prefix.pch;
				"GCC_THUMB_SUPPORT[arch=armv6]" = "";
				INFOPLIST_FILE = Resources/Info.plist;
				PRODUCT_NAME = MaturaApp;
			};
			name = Debug;
		};
		1D6058950D05DD3E006BFB54 /* Release */ = {
			isa = XCBuildConfiguration;
			buildSettings = {
				ALWAYS_SEARCH_USER_PATHS = NO;
				COPY_PHASE_STRIP = YES;
				GCC_PRECOMPILE_PREFIX_HEADER = YES;
				GCC_PREFIX_HEADER = MaturaApp_Prefix.pch;
				"GCC_THUMB_SUPPORT[arch=armv6]" = "";
				INFOPLIST_FILE = Resources/Info.plist;
				PRODUCT_NAME = MaturaApp;
				VALIDATE_PRODUCT = YES;
			};
			name = Release;
		};
		C01FCF4F08A954540054247B /* Debug */ = {
			isa = XCBuildConfiguration;
			buildSettings = {
				ARCHS = "$(ARCHS_STANDARD_32_BIT)";
				"CODE_SIGN_IDENTITY[sdk=iphoneos*]" = "iPhone Developer";
				GCC_C_LANGUAGE_STANDARD = c99;
				GCC_PREPROCESSOR_DEFINITIONS = DEBUG;
				GCC_WARN_ABOUT_RETURN_TYPE = YES;
				GCC_WARN_UNUSED_VARIABLE = YES;
				PREBINDING = NO;
				SDKROOT = iphoneos4.1;
				USER_HEADER_SEARCH_PATHS = "$(COCOS2D_SOURCE)/**";
			};
			name = Debug;
		};
		C01FCF5008A954540054247B /* Release */ = {
			isa = XCBuildConfiguration;
			buildSettings = {
				ARCHS = "$(ARCHS_STANDARD_32_BIT)";
				"CODE_SIGN_IDENTITY[sdk=iphoneos*]" = "iPhone Developer";
				GCC_C_LANGUAGE_STANDARD = c99;
				GCC_WARN_ABOUT_RETURN_TYPE = YES;
				GCC_WARN_UNUSED_VARIABLE = YES;
				OTHER_CFLAGS = "-DNS_BLOCK_ASSERTIONS=1";
				PREBINDING = NO;
				SDKROOT = iphoneos4.1;
				USER_HEADER_SEARCH_PATHS = "$(COCOS2D_SOURCE)/**";
			};
			name = Release;
		};
/* End XCBuildConfiguration section */

/* Begin XCConfigurationList section */
		1D6058960D05DD3E006BFB54 /* Build configuration list for PBXNativeTarget "MaturaApp" */ = {
			isa = XCConfigurationList;
			buildConfigurations = (
				1D6058940D05DD3E006BFB54 /* Debug */,
				1D6058950D05DD3E006BFB54 /* Release */,
			);
			defaultConfigurationIsVisible = 0;
			defaultConfigurationName = Release;
		};
		C01FCF4E08A954540054247B /* Build configuration list for PBXProject "MaturaApp" */ = {
			isa = XCConfigurationList;
			buildConfigurations = (
				C01FCF4F08A954540054247B /* Debug */,
				C01FCF5008A954540054247B /* Release */,
			);
			defaultConfigurationIsVisible = 0;
			defaultConfigurationName = Release;
		};
/* End XCConfigurationList section */
	};
	rootObject = 29B97313FDCFA39411CA2CEA /* Project object */;
}
